// !$*UTF8*$!
{
	archiveVersion = 1;
	classes = {
	};
	objectVersion = 51;
	objects = {

/* Begin PBXBuildFile section */
		347973FF8EEB4FF56BB26CDE /* Pods_Round.framework in Frameworks */ = {isa = PBXBuildFile; fileRef = 243723AB06DB865B26E24073 /* Pods_Round.framework */; };
		92C3559F239A9EF200339BDF /* AppDelegate.swift in Sources */ = {isa = PBXBuildFile; fileRef = 92C3559E239A9EF200339BDF /* AppDelegate.swift */; };
		92C355A1239A9EF200339BDF /* SceneDelegate.swift in Sources */ = {isa = PBXBuildFile; fileRef = 92C355A0239A9EF200339BDF /* SceneDelegate.swift */; };
		92C355A3239A9EF200339BDF /* ViewController.swift in Sources */ = {isa = PBXBuildFile; fileRef = 92C355A2239A9EF200339BDF /* ViewController.swift */; };
		92C355A6239A9EF200339BDF /* Main.storyboard in Resources */ = {isa = PBXBuildFile; fileRef = 92C355A4239A9EF200339BDF /* Main.storyboard */; };
		92C355A8239A9EF600339BDF /* Assets.xcassets in Resources */ = {isa = PBXBuildFile; fileRef = 92C355A7239A9EF600339BDF /* Assets.xcassets */; };
		92C355AB239A9EF600339BDF /* LaunchScreen.storyboard in Resources */ = {isa = PBXBuildFile; fileRef = 92C355A9239A9EF600339BDF /* LaunchScreen.storyboard */; };
		92C355B3239AA69A00339BDF /* Podfile in Resources */ = {isa = PBXBuildFile; fileRef = 92C355B2239AA69A00339BDF /* Podfile */; };
/* End PBXBuildFile section */

/* Begin PBXFileReference section */
		243723AB06DB865B26E24073 /* Pods_Round.framework */ = {isa = PBXFileReference; explicitFileType = wrapper.framework; includeInIndex = 0; path = Pods_Round.framework; sourceTree = BUILT_PRODUCTS_DIR; };
		55884790C37BEABCB5F34BA4 /* Pods-Round.release.xcconfig */ = {isa = PBXFileReference; includeInIndex = 1; lastKnownFileType = text.xcconfig; name = "Pods-Round.release.xcconfig"; path = "Target Support Files/Pods-Round/Pods-Round.release.xcconfig"; sourceTree = "<group>"; };
		92C3559B239A9EF200339BDF /* RoundApp.app */ = {isa = PBXFileReference; explicitFileType = wrapper.application; includeInIndex = 0; path = RoundApp.app; sourceTree = BUILT_PRODUCTS_DIR; };
		92C3559E239A9EF200339BDF /* AppDelegate.swift */ = {isa = PBXFileReference; lastKnownFileType = sourcecode.swift; path = AppDelegate.swift; sourceTree = "<group>"; };
		92C355A0239A9EF200339BDF /* SceneDelegate.swift */ = {isa = PBXFileReference; lastKnownFileType = sourcecode.swift; path = SceneDelegate.swift; sourceTree = "<group>"; };
		92C355A2239A9EF200339BDF /* ViewController.swift */ = {isa = PBXFileReference; lastKnownFileType = sourcecode.swift; path = ViewController.swift; sourceTree = "<group>"; };
		92C355A5239A9EF200339BDF /* Base */ = {isa = PBXFileReference; lastKnownFileType = file.storyboard; name = Base; path = Base.lproj/Main.storyboard; sourceTree = "<group>"; };
		92C355A7239A9EF600339BDF /* Assets.xcassets */ = {isa = PBXFileReference; lastKnownFileType = folder.assetcatalog; path = Assets.xcassets; sourceTree = "<group>"; };
		92C355AA239A9EF600339BDF /* Base */ = {isa = PBXFileReference; lastKnownFileType = file.storyboard; name = Base; path = Base.lproj/LaunchScreen.storyboard; sourceTree = "<group>"; };
		92C355AC239A9EF600339BDF /* Info.plist */ = {isa = PBXFileReference; lastKnownFileType = text.plist.xml; path = Info.plist; sourceTree = "<group>"; };
		92C355B2239AA69A00339BDF /* Podfile */ = {isa = PBXFileReference; lastKnownFileType = text; path = Podfile; sourceTree = "<group>"; xcLanguageSpecificationIdentifier = xcode.lang.ruby; };
		96B76266225B9E63F630DCE7 /* Pods-Round.debug.xcconfig */ = {isa = PBXFileReference; includeInIndex = 1; lastKnownFileType = text.xcconfig; name = "Pods-Round.debug.xcconfig"; path = "Target Support Files/Pods-Round/Pods-Round.debug.xcconfig"; sourceTree = "<group>"; };
/* End PBXFileReference section */

/* Begin PBXFrameworksBuildPhase section */
		92C35598239A9EF200339BDF /* Frameworks */ = {
			isa = PBXFrameworksBuildPhase;
			buildActionMask = 2147483647;
			files = (
				347973FF8EEB4FF56BB26CDE /* Pods_Round.framework in Frameworks */,
			);
			runOnlyForDeploymentPostprocessing = 0;
		};
/* End PBXFrameworksBuildPhase section */

/* Begin PBXGroup section */
		9192D094C386275EDEDD5E5D /* Frameworks */ = {
			isa = PBXGroup;
			children = (
				243723AB06DB865B26E24073 /* Pods_Round.framework */,
			);
			name = Frameworks;
			sourceTree = "<group>";
		};
		92C35592239A9EF200339BDF = {
			isa = PBXGroup;
			children = (
				92C355B2239AA69A00339BDF /* Podfile */,
				92C3559D239A9EF200339BDF /* Round */,
				92C3559C239A9EF200339BDF /* Products */,
				CB9757D9063EADF687BDEA29 /* Pods */,
				9192D094C386275EDEDD5E5D /* Frameworks */,
			);
			sourceTree = "<group>";
		};
		92C3559C239A9EF200339BDF /* Products */ = {
			isa = PBXGroup;
			children = (
				92C3559B239A9EF200339BDF /* RoundApp.app */,
			);
			name = Products;
			sourceTree = "<group>";
		};
		92C3559D239A9EF200339BDF /* Round */ = {
			isa = PBXGroup;
			children = (
				92C3559E239A9EF200339BDF /* AppDelegate.swift */,
				92C355A0239A9EF200339BDF /* SceneDelegate.swift */,
				92C355A2239A9EF200339BDF /* ViewController.swift */,
				92C355A4239A9EF200339BDF /* Main.storyboard */,
				92C355A7239A9EF600339BDF /* Assets.xcassets */,
				92C355A9239A9EF600339BDF /* LaunchScreen.storyboard */,
				92C355AC239A9EF600339BDF /* Info.plist */,
			);
			path = Round;
			sourceTree = "<group>";
		};
		CB9757D9063EADF687BDEA29 /* Pods */ = {
			isa = PBXGroup;
			children = (
				96B76266225B9E63F630DCE7 /* Pods-Round.debug.xcconfig */,
				55884790C37BEABCB5F34BA4 /* Pods-Round.release.xcconfig */,
			);
			path = Pods;
			sourceTree = "<group>";
		};
/* End PBXGroup section */

/* Begin PBXNativeTarget section */
		92C3559A239A9EF200339BDF /* Round */ = {
			isa = PBXNativeTarget;
			buildConfigurationList = 92C355AF239A9EF600339BDF /* Build configuration list for PBXNativeTarget "Round" */;
			buildPhases = (
				8E9C05350429CFF772996B41 /* [CP] Check Pods Manifest.lock */,
				92C35597239A9EF200339BDF /* Sources */,
				92C35598239A9EF200339BDF /* Frameworks */,
				92C35599239A9EF200339BDF /* Resources */,
				EAB435498A0FC72AC83FC859 /* [CP] Embed Pods Frameworks */,
			);
			buildRules = (
			);
			dependencies = (
			);
			name = Round;
			productName = Round;
			productReference = 92C3559B239A9EF200339BDF /* RoundApp.app */;
			productType = "com.apple.product-type.application";
		};
/* End PBXNativeTarget section */

/* Begin PBXProject section */
		92C35593239A9EF200339BDF /* Project object */ = {
			isa = PBXProject;
			attributes = {
				LastSwiftUpdateCheck = 1120;
				LastUpgradeCheck = 1120;
				ORGANIZATIONNAME = "Denis Kotelnikov";
				TargetAttributes = {
					92C3559A239A9EF200339BDF = {
						CreatedOnToolsVersion = 11.2;
					};
				};
			};
			buildConfigurationList = 92C35596239A9EF200339BDF /* Build configuration list for PBXProject "Round" */;
			compatibilityVersion = "Xcode 9.3";
			developmentRegion = en;
			hasScannedForEncodings = 0;
			knownRegions = (
				en,
				Base,
			);
			mainGroup = 92C35592239A9EF200339BDF;
			productRefGroup = 92C3559C239A9EF200339BDF /* Products */;
			projectDirPath = "";
			projectRoot = "";
			targets = (
				92C3559A239A9EF200339BDF /* Round */,
			);
		};
/* End PBXProject section */

/* Begin PBXResourcesBuildPhase section */
		92C35599239A9EF200339BDF /* Resources */ = {
			isa = PBXResourcesBuildPhase;
			buildActionMask = 2147483647;
			files = (
				92C355AB239A9EF600339BDF /* LaunchScreen.storyboard in Resources */,
				92C355A8239A9EF600339BDF /* Assets.xcassets in Resources */,
				92C355B3239AA69A00339BDF /* Podfile in Resources */,
				92C355A6239A9EF200339BDF /* Main.storyboard in Resources */,
			);
			runOnlyForDeploymentPostprocessing = 0;
		};
/* End PBXResourcesBuildPhase section */

/* Begin PBXShellScriptBuildPhase section */
		8E9C05350429CFF772996B41 /* [CP] Check Pods Manifest.lock */ = {
			isa = PBXShellScriptBuildPhase;
			buildActionMask = 2147483647;
			files = (
			);
			inputFileListPaths = (
			);
			inputPaths = (
				"${PODS_PODFILE_DIR_PATH}/Podfile.lock",
				"${PODS_ROOT}/Manifest.lock",
			);
			name = "[CP] Check Pods Manifest.lock";
			outputFileListPaths = (
			);
			outputPaths = (
				"$(DERIVED_FILE_DIR)/Pods-Round-checkManifestLockResult.txt",
			);
			runOnlyForDeploymentPostprocessing = 0;
			shellPath = /bin/sh;
			shellScript = "diff \"${PODS_PODFILE_DIR_PATH}/Podfile.lock\" \"${PODS_ROOT}/Manifest.lock\" > /dev/null\nif [ $? != 0 ] ; then\n    # print error to STDERR\n    echo \"error: The sandbox is not in sync with the Podfile.lock. Run 'pod install' or update your CocoaPods installation.\" >&2\n    exit 1\nfi\n# This output is used by Xcode 'outputs' to avoid re-running this script phase.\necho \"SUCCESS\" > \"${SCRIPT_OUTPUT_FILE_0}\"\n";
			showEnvVarsInLog = 0;
		};
		EAB435498A0FC72AC83FC859 /* [CP] Embed Pods Frameworks */ = {
			isa = PBXShellScriptBuildPhase;
			buildActionMask = 2147483647;
			files = (
			);
			inputFileListPaths = (
				"${PODS_ROOT}/Target Support Files/Pods-Round/Pods-Round-frameworks-${CONFIGURATION}-input-files.xcfilelist",
			);
			name = "[CP] Embed Pods Frameworks";
			outputFileListPaths = (
				"${PODS_ROOT}/Target Support Files/Pods-Round/Pods-Round-frameworks-${CONFIGURATION}-output-files.xcfilelist",
			);
			runOnlyForDeploymentPostprocessing = 0;
			shellPath = /bin/sh;
			shellScript = "\"${PODS_ROOT}/Target Support Files/Pods-Round/Pods-Round-frameworks.sh\"\n";
			showEnvVarsInLog = 0;
		};
/* End PBXShellScriptBuildPhase section */

/* Begin PBXSourcesBuildPhase section */
		92C35597239A9EF200339BDF /* Sources */ = {
			isa = PBXSourcesBuildPhase;
			buildActionMask = 2147483647;
			files = (
				92C355A3239A9EF200339BDF /* ViewController.swift in Sources */,
				92C3559F239A9EF200339BDF /* AppDelegate.swift in Sources */,
				92C355A1239A9EF200339BDF /* SceneDelegate.swift in Sources */,
			);
			runOnlyForDeploymentPostprocessing = 0;
		};
/* End PBXSourcesBuildPhase section */

/* Begin PBXVariantGroup section */
		92C355A4239A9EF200339BDF /* Main.storyboard */ = {
			isa = PBXVariantGroup;
			children = (
				92C355A5239A9EF200339BDF /* Base */,
			);
			name = Main.storyboard;
			sourceTree = "<group>";
		};
		92C355A9239A9EF600339BDF /* LaunchScreen.storyboard */ = {
			isa = PBXVariantGroup;
			children = (
				92C355AA239A9EF600339BDF /* Base */,
			);
			name = LaunchScreen.storyboard;
			sourceTree = "<group>";
		};
/* End PBXVariantGroup section */

/* Begin XCBuildConfiguration section */
		92C355AD239A9EF600339BDF /* Debug */ = {
			isa = XCBuildConfiguration;
			buildSettings = {
				ALWAYS_SEARCH_USER_PATHS = NO;
				CLANG_ANALYZER_NONNULL = YES;
				CLANG_ANALYZER_NUMBER_OBJECT_CONVERSION = YES_AGGRESSIVE;
				CLANG_CXX_LANGUAGE_STANDARD = "gnu++14";
				CLANG_CXX_LIBRARY = "libc++";
				CLANG_ENABLE_MODULES = YES;
				CLANG_ENABLE_OBJC_ARC = YES;
				CLANG_ENABLE_OBJC_WEAK = YES;
				CLANG_WARN_BLOCK_CAPTURE_AUTORELEASING = YES;
				CLANG_WARN_BOOL_CONVERSION = YES;
				CLANG_WARN_COMMA = YES;
				CLANG_WARN_CONSTANT_CONVERSION = YES;
				CLANG_WARN_DEPRECATED_OBJC_IMPLEMENTATIONS = YES;
				CLANG_WARN_DIRECT_OBJC_ISA_USAGE = YES_ERROR;
				CLANG_WARN_DOCUMENTATION_COMMENTS = YES;
				CLANG_WARN_EMPTY_BODY = YES;
				CLANG_WARN_ENUM_CONVERSION = YES;
				CLANG_WARN_INFINITE_RECURSION = YES;
				CLANG_WARN_INT_CONVERSION = YES;
				CLANG_WARN_NON_LITERAL_NULL_CONVERSION = YES;
				CLANG_WARN_OBJC_IMPLICIT_RETAIN_SELF = YES;
				CLANG_WARN_OBJC_LITERAL_CONVERSION = YES;
				CLANG_WARN_OBJC_ROOT_CLASS = YES_ERROR;
				CLANG_WARN_RANGE_LOOP_ANALYSIS = YES;
				CLANG_WARN_STRICT_PROTOTYPES = YES;
				CLANG_WARN_SUSPICIOUS_MOVE = YES;
				CLANG_WARN_UNGUARDED_AVAILABILITY = YES_AGGRESSIVE;
				CLANG_WARN_UNREACHABLE_CODE = YES;
				CLANG_WARN__DUPLICATE_METHOD_MATCH = YES;
				COPY_PHASE_STRIP = NO;
				DEBUG_INFORMATION_FORMAT = dwarf;
				ENABLE_STRICT_OBJC_MSGSEND = YES;
				ENABLE_TESTABILITY = YES;
				GCC_C_LANGUAGE_STANDARD = gnu11;
				GCC_DYNAMIC_NO_PIC = NO;
				GCC_NO_COMMON_BLOCKS = YES;
				GCC_OPTIMIZATION_LEVEL = 0;
				GCC_PREPROCESSOR_DEFINITIONS = (
					"DEBUG=1",
					"$(inherited)",
				);
				GCC_WARN_64_TO_32_BIT_CONVERSION = YES;
				GCC_WARN_ABOUT_RETURN_TYPE = YES_ERROR;
				GCC_WARN_UNDECLARED_SELECTOR = YES;
				GCC_WARN_UNINITIALIZED_AUTOS = YES_AGGRESSIVE;
				GCC_WARN_UNUSED_FUNCTION = YES;
				GCC_WARN_UNUSED_VARIABLE = YES;
				IPHONEOS_DEPLOYMENT_TARGET = 13.2;
				MTL_ENABLE_DEBUG_INFO = INCLUDE_SOURCE;
				MTL_FAST_MATH = YES;
				ONLY_ACTIVE_ARCH = YES;
				SDKROOT = iphoneos;
				SWIFT_ACTIVE_COMPILATION_CONDITIONS = DEBUG;
				SWIFT_OPTIMIZATION_LEVEL = "-Onone";
			};
			name = Debug;
		};
		92C355AE239A9EF600339BDF /* Release */ = {
			isa = XCBuildConfiguration;
			buildSettings = {
				ALWAYS_SEARCH_USER_PATHS = NO;
				CLANG_ANALYZER_NONNULL = YES;
				CLANG_ANALYZER_NUMBER_OBJECT_CONVERSION = YES_AGGRESSIVE;
				CLANG_CXX_LANGUAGE_STANDARD = "gnu++14";
				CLANG_CXX_LIBRARY = "libc++";
				CLANG_ENABLE_MODULES = YES;
				CLANG_ENABLE_OBJC_ARC = YES;
				CLANG_ENABLE_OBJC_WEAK = YES;
				CLANG_WARN_BLOCK_CAPTURE_AUTORELEASING = YES;
				CLANG_WARN_BOOL_CONVERSION = YES;
				CLANG_WARN_COMMA = YES;
				CLANG_WARN_CONSTANT_CONVERSION = YES;
				CLANG_WARN_DEPRECATED_OBJC_IMPLEMENTATIONS = YES;
				CLANG_WARN_DIRECT_OBJC_ISA_USAGE = YES_ERROR;
				CLANG_WARN_DOCUMENTATION_COMMENTS = YES;
				CLANG_WARN_EMPTY_BODY = YES;
				CLANG_WARN_ENUM_CONVERSION = YES;
				CLANG_WARN_INFINITE_RECURSION = YES;
				CLANG_WARN_INT_CONVERSION = YES;
				CLANG_WARN_NON_LITERAL_NULL_CONVERSION = YES;
				CLANG_WARN_OBJC_IMPLICIT_RETAIN_SELF = YES;
				CLANG_WARN_OBJC_LITERAL_CONVERSION = YES;
				CLANG_WARN_OBJC_ROOT_CLASS = YES_ERROR;
				CLANG_WARN_RANGE_LOOP_ANALYSIS = YES;
				CLANG_WARN_STRICT_PROTOTYPES = YES;
				CLANG_WARN_SUSPICIOUS_MOVE = YES;
				CLANG_WARN_UNGUARDED_AVAILABILITY = YES_AGGRESSIVE;
				CLANG_WARN_UNREACHABLE_CODE = YES;
				CLANG_WARN__DUPLICATE_METHOD_MATCH = YES;
				COPY_PHASE_STRIP = NO;
				DEBUG_INFORMATION_FORMAT = "dwarf-with-dsym";
				ENABLE_NS_ASSERTIONS = NO;
				ENABLE_STRICT_OBJC_MSGSEND = YES;
				GCC_C_LANGUAGE_STANDARD = gnu11;
				GCC_NO_COMMON_BLOCKS = YES;
				GCC_WARN_64_TO_32_BIT_CONVERSION = YES;
				GCC_WARN_ABOUT_RETURN_TYPE = YES_ERROR;
				GCC_WARN_UNDECLARED_SELECTOR = YES;
				GCC_WARN_UNINITIALIZED_AUTOS = YES_AGGRESSIVE;
				GCC_WARN_UNUSED_FUNCTION = YES;
				GCC_WARN_UNUSED_VARIABLE = YES;
				IPHONEOS_DEPLOYMENT_TARGET = 13.2;
				MTL_ENABLE_DEBUG_INFO = NO;
				MTL_FAST_MATH = YES;
				SDKROOT = iphoneos;
				SWIFT_COMPILATION_MODE = wholemodule;
				SWIFT_OPTIMIZATION_LEVEL = "-O";
				VALIDATE_PRODUCT = YES;
			};
			name = Release;
		};
		92C355B0239A9EF600339BDF /* Debug */ = {
			isa = XCBuildConfiguration;
			baseConfigurationReference = 96B76266225B9E63F630DCE7 /* Pods-Round.debug.xcconfig */;
			buildSettings = {
				ASSETCATALOG_COMPILER_APPICON_NAME = AppIcon;
				CODE_SIGN_STYLE = Automatic;
				DEVELOPMENT_TEAM = AV8JDKX7VK;
				INFOPLIST_FILE = Round/Info.plist;
				LD_RUNPATH_SEARCH_PATHS = (
					"$(inherited)",
					"@executable_path/Frameworks",
				);
				PRODUCT_BUNDLE_IDENTIFIER = com.denis.RoundApp;
				PRODUCT_NAME = RoundApp;
				SWIFT_VERSION = 5.0;
				TARGETED_DEVICE_FAMILY = "1,2";
			};
			name = Debug;
		};
		92C355B1239A9EF600339BDF /* Release */ = {
			isa = XCBuildConfiguration;
			baseConfigurationReference = 55884790C37BEABCB5F34BA4 /* Pods-Round.release.xcconfig */;
			buildSettings = {
				ASSETCATALOG_COMPILER_APPICON_NAME = AppIcon;
				CODE_SIGN_STYLE = Automatic;
				DEVELOPMENT_TEAM = AV8JDKX7VK;
				INFOPLIST_FILE = Round/Info.plist;
				LD_RUNPATH_SEARCH_PATHS = (
					"$(inherited)",
					"@executable_path/Frameworks",
				);
				PRODUCT_BUNDLE_IDENTIFIER = com.denis.RoundApp;
				PRODUCT_NAME = RoundApp;
				SWIFT_VERSION = 5.0;
				TARGETED_DEVICE_FAMILY = "1,2";
			};
			name = Release;
		};
/* End XCBuildConfiguration section */

/* Begin XCConfigurationList section */
		92C35596239A9EF200339BDF /* Build configuration list for PBXProject "Round" */ = {
			isa = XCConfigurationList;
			buildConfigurations = (
				92C355AD239A9EF600339BDF /* Debug */,
				92C355AE239A9EF600339BDF /* Release */,
			);
			defaultConfigurationIsVisible = 0;
			defaultConfigurationName = Release;
		};
		92C355AF239A9EF600339BDF /* Build configuration list for PBXNativeTarget "Round" */ = {
			isa = XCConfigurationList;
			buildConfigurations = (
				92C355B0239A9EF600339BDF /* Debug */,
				92C355B1239A9EF600339BDF /* Release */,
			);
			defaultConfigurationIsVisible = 0;
			defaultConfigurationName = Release;
		};
/* End XCConfigurationList section */
	};
	rootObject = 92C35593239A9EF200339BDF /* Project object */;
}
