// !$*UTF8*$!
{
	archiveVersion = 1;
	classes = {
	};
	objectVersion = 51;
	objects = {

/* Begin PBXBuildFile section */
		3D19F14FEB2ACE0182E01741 /* Pods_round.framework in Frameworks */ = {isa = PBXBuildFile; fileRef = F7B852BC606DDD68D0C317ED /* Pods_round.framework */; };
		9209EBEB2455702F00520513 /* ProfileEditorViewController.swift in Sources */ = {isa = PBXBuildFile; fileRef = 9209EBEA2455702F00520513 /* ProfileEditorViewController.swift */; };
		9209EBED2455709200520513 /* ProfileEditorViewModel.swift in Sources */ = {isa = PBXBuildFile; fileRef = 9209EBEC2455709200520513 /* ProfileEditorViewModel.swift */; };
		9209EBEF2455715700520513 /* ProfileEditorRouter.swift in Sources */ = {isa = PBXBuildFile; fileRef = 9209EBEE2455715700520513 /* ProfileEditorRouter.swift */; };
		9209EBF12455716900520513 /* ProfileEditorContract.swift in Sources */ = {isa = PBXBuildFile; fileRef = 9209EBF02455716900520513 /* ProfileEditorContract.swift */; };
		9209EBF324558D7600520513 /* UIImageExtension.swift in Sources */ = {isa = PBXBuildFile; fileRef = 9209EBF224558D7600520513 /* UIImageExtension.swift */; };
		92132E94246320EB00C58810 /* ErrorHandler.swift in Sources */ = {isa = PBXBuildFile; fileRef = 92132E93246320EB00C58810 /* ErrorHandler.swift */; };
		92132E96246335B100C58810 /* RNSimpleView.swift in Sources */ = {isa = PBXBuildFile; fileRef = 92132E95246335B100C58810 /* RNSimpleView.swift */; };
		92132E98246337AE00C58810 /* RNGestureManager.swift in Sources */ = {isa = PBXBuildFile; fileRef = 92132E97246337AE00C58810 /* RNGestureManager.swift */; };
		921A263A23BF542700EF8715 /* GoogleService-Info.plist in Resources */ = {isa = PBXBuildFile; fileRef = 921A263923BF542700EF8715 /* GoogleService-Info.plist */; };
		9228541824541D710033E549 /* ProfileHeaderView.swift in Sources */ = {isa = PBXBuildFile; fileRef = 9228541724541D710033E549 /* ProfileHeaderView.swift */; };
		9228541B2454421D0033E549 /* ProfilePostCell.swift in Sources */ = {isa = PBXBuildFile; fileRef = 9228541A2454421D0033E549 /* ProfilePostCell.swift */; };
		9228541E245472C20033E549 /* ProfileCollectionLayout.swift in Sources */ = {isa = PBXBuildFile; fileRef = 9228541D245472C20033E549 /* ProfileCollectionLayout.swift */; };
		923E0947243FA71D0010DF5A /* PostEdtorViewController.swift in Sources */ = {isa = PBXBuildFile; fileRef = 923E0946243FA71D0010DF5A /* PostEdtorViewController.swift */; };
		923E0949243FA73E0010DF5A /* PostEditorViewModel.swift in Sources */ = {isa = PBXBuildFile; fileRef = 923E0948243FA73E0010DF5A /* PostEditorViewModel.swift */; };
		923E094B243FA74A0010DF5A /* PostEditorRouter.swift in Sources */ = {isa = PBXBuildFile; fileRef = 923E094A243FA74A0010DF5A /* PostEditorRouter.swift */; };
		923E094F243FA76F0010DF5A /* PostEditorContract.swift in Sources */ = {isa = PBXBuildFile; fileRef = 923E094E243FA76F0010DF5A /* PostEditorContract.swift */; };
		923E0953243FABBB0010DF5A /* PostEditorHeaderCell.swift in Sources */ = {isa = PBXBuildFile; fileRef = 923E0952243FABBB0010DF5A /* PostEditorHeaderCell.swift */; };
		9242C4C7244F2C87009EA6AE /* Notifications.swift in Sources */ = {isa = PBXBuildFile; fileRef = 9242C4C6244F2C87009EA6AE /* Notifications.swift */; };
		9256DF4F246704DC00DB9777 /* textKeybordEditor.swift in Sources */ = {isa = PBXBuildFile; fileRef = 9256DF4E246704DC00DB9777 /* textKeybordEditor.swift */; };
		9256DF512468009200DB9777 /* PostBlockSelectorTableViewHeaderView.swift in Sources */ = {isa = PBXBuildFile; fileRef = 9256DF502468009200DB9777 /* PostBlockSelectorTableViewHeaderView.swift */; };
		9256DF53246871CF00DB9777 /* RNFullscreenActivityIndicator.swift in Sources */ = {isa = PBXBuildFile; fileRef = 9256DF52246871CF00DB9777 /* RNFullscreenActivityIndicator.swift */; };
		9256DF552468985600DB9777 /* ProfileEditorDelegate.swift in Sources */ = {isa = PBXBuildFile; fileRef = 9256DF542468985600DB9777 /* ProfileEditorDelegate.swift */; };
		925A5A3C24434C68009C7A42 /* PostEditorAddNewBlockCell.swift in Sources */ = {isa = PBXBuildFile; fileRef = 925A5A3B24434C68009C7A42 /* PostEditorAddNewBlockCell.swift */; };
		925A5A3E2443556B009C7A42 /* PostBlockSelectorViewController.swift in Sources */ = {isa = PBXBuildFile; fileRef = 925A5A3D2443556B009C7A42 /* PostBlockSelectorViewController.swift */; };
		925A5A4024436257009C7A42 /* PostEditorSimpleTextCell.swift in Sources */ = {isa = PBXBuildFile; fileRef = 925A5A3F24436257009C7A42 /* PostEditorSimpleTextCell.swift */; };
		925A5A42244365DB009C7A42 /* Observer.swift in Sources */ = {isa = PBXBuildFile; fileRef = 925A5A41244365DB009C7A42 /* Observer.swift */; };
		9260B85023B131A100AB18A5 /* PostViewController.swift in Sources */ = {isa = PBXBuildFile; fileRef = 9260B84F23B131A100AB18A5 /* PostViewController.swift */; };
		9260B85323B4C64700AB18A5 /* PostViewControllerHeader.swift in Sources */ = {isa = PBXBuildFile; fileRef = 9260B85223B4C64700AB18A5 /* PostViewControllerHeader.swift */; };
		9260B85523B4CF9A00AB18A5 /* PostOpenControllerAnimation.swift in Sources */ = {isa = PBXBuildFile; fileRef = 9260B85423B4CF9A00AB18A5 /* PostOpenControllerAnimation.swift */; };
		9260B85823B4E45600AB18A5 /* PostCloseControllerAnimation.swift in Sources */ = {isa = PBXBuildFile; fileRef = 9260B85723B4E45600AB18A5 /* PostCloseControllerAnimation.swift */; };
		9260B85B23B5EDEC00AB18A5 /* TitlePostCellView.swift in Sources */ = {isa = PBXBuildFile; fileRef = 9260B85A23B5EDEC00AB18A5 /* TitlePostCellView.swift */; };
		9260B85D23B5EDF900AB18A5 /* TitlePostCellViewModel.swift in Sources */ = {isa = PBXBuildFile; fileRef = 9260B85C23B5EDF900AB18A5 /* TitlePostCellViewModel.swift */; };
		9260B85F23B5F17300AB18A5 /* BasePostCell.swift in Sources */ = {isa = PBXBuildFile; fileRef = 9260B85E23B5F17300AB18A5 /* BasePostCell.swift */; };
		9260B86223B605C900AB18A5 /* ArticlePostCellView.swift in Sources */ = {isa = PBXBuildFile; fileRef = 9260B86123B605C900AB18A5 /* ArticlePostCellView.swift */; };
		9260B86423B605D300AB18A5 /* ArticlePostCellViewModel.swift in Sources */ = {isa = PBXBuildFile; fileRef = 9260B86323B605D300AB18A5 /* ArticlePostCellViewModel.swift */; };
		9260B86723B6070D00AB18A5 /* SimplePhotoPostCellView.swift in Sources */ = {isa = PBXBuildFile; fileRef = 9260B86623B6070D00AB18A5 /* SimplePhotoPostCellView.swift */; };
		9260B86923B6071500AB18A5 /* SimplePhotoPostCellViewModel.swift in Sources */ = {isa = PBXBuildFile; fileRef = 9260B86823B6071500AB18A5 /* SimplePhotoPostCellViewModel.swift */; };
		9260B86D23B6405D00AB18A5 /* PostViewModel.swift in Sources */ = {isa = PBXBuildFile; fileRef = 9260B86C23B6405D00AB18A5 /* PostViewModel.swift */; };
		926D209623E4702E00C8B492 /* TitlePostResponse.swift in Sources */ = {isa = PBXBuildFile; fileRef = 926D209523E4702E00C8B492 /* TitlePostResponse.swift */; };
		926D209823E4703E00C8B492 /* ArticlePostResponse.swift in Sources */ = {isa = PBXBuildFile; fileRef = 926D209723E4703E00C8B492 /* ArticlePostResponse.swift */; };
		926D209A23E470BC00C8B492 /* SimplePhotoResponse.swift in Sources */ = {isa = PBXBuildFile; fileRef = 926D209923E470BC00C8B492 /* SimplePhotoResponse.swift */; };
		926D209E23E6C68D00C8B492 /* FilterSlider.swift in Sources */ = {isa = PBXBuildFile; fileRef = 926D209D23E6C68D00C8B492 /* FilterSlider.swift */; };
		9273364323F8456F008B4F43 /* CountriesList.swift in Sources */ = {isa = PBXBuildFile; fileRef = 9273364223F8456F008B4F43 /* CountriesList.swift */; };
		927EBEAE2440FACF003DA3ED /* ImagePickerViewController.swift in Sources */ = {isa = PBXBuildFile; fileRef = 927EBEAD2440FACF003DA3ED /* ImagePickerViewController.swift */; };
		928275F923DD7515001B3965 /* Debug.swift in Sources */ = {isa = PBXBuildFile; fileRef = 928275F823DD7515001B3965 /* Debug.swift */; };
		9284BBE924636BE900D151B9 /* RNTopActivityIndicator.swift in Sources */ = {isa = PBXBuildFile; fileRef = 9284BBE824636BE900D151B9 /* RNTopActivityIndicator.swift */; };
		9284BBEB246460B200D151B9 /* PostSaveManager.swift in Sources */ = {isa = PBXBuildFile; fileRef = 9284BBEA246460B200D151B9 /* PostSaveManager.swift */; };
		9291F3782439C75400804FD2 /* ProfileRouter.swift in Sources */ = {isa = PBXBuildFile; fileRef = 9291F3772439C75400804FD2 /* ProfileRouter.swift */; };
		9291F37A2439C76500804FD2 /* ProfileViewController.swift in Sources */ = {isa = PBXBuildFile; fileRef = 9291F3792439C76500804FD2 /* ProfileViewController.swift */; };
		9291F37C2439C77200804FD2 /* ProfileViewModel.swift in Sources */ = {isa = PBXBuildFile; fileRef = 9291F37B2439C77200804FD2 /* ProfileViewModel.swift */; };
		9291F37E2439C81700804FD2 /* ProfileContract.swift in Sources */ = {isa = PBXBuildFile; fileRef = 9291F37D2439C81700804FD2 /* ProfileContract.swift */; };
		9294FEC324388F82005B98EF /* MainMenu.swift in Sources */ = {isa = PBXBuildFile; fileRef = 9294FEC224388F82005B98EF /* MainMenu.swift */; };
		9298E24B23F132F700952F28 /* FilterItem.swift in Sources */ = {isa = PBXBuildFile; fileRef = 9298E24A23F132F700952F28 /* FilterItem.swift */; };
		9298E24D23F1333A00952F28 /* AddFilterButton.swift in Sources */ = {isa = PBXBuildFile; fileRef = 9298E24C23F1333A00952F28 /* AddFilterButton.swift */; };
		9298E24F23F1335500952F28 /* FilterTag.swift in Sources */ = {isa = PBXBuildFile; fileRef = 9298E24E23F1335500952F28 /* FilterTag.swift */; };
		9298E25223F13A2600952F28 /* CardViewTemplate.swift in Sources */ = {isa = PBXBuildFile; fileRef = 9298E25123F13A2600952F28 /* CardViewTemplate.swift */; };
		9298E25823F1479200952F28 /* FilterViewModel.swift in Sources */ = {isa = PBXBuildFile; fileRef = 9298E25723F1479200952F28 /* FilterViewModel.swift */; };
		9298E25A23F19F3100952F28 /* BaseControllerViewModel.swift in Sources */ = {isa = PBXBuildFile; fileRef = 9298E25923F19F3100952F28 /* BaseControllerViewModel.swift */; };
		9298E25D23F1DA8900952F28 /* SearchInput.swift in Sources */ = {isa = PBXBuildFile; fileRef = 9298E25C23F1DA8900952F28 /* SearchInput.swift */; };
		9298E25F23F28D1100952F28 /* SearchViewController.swift in Sources */ = {isa = PBXBuildFile; fileRef = 9298E25E23F28D1100952F28 /* SearchViewController.swift */; };
		92AD4D332451F64600F26A62 /* PagingCollectionViewLayout.swift in Sources */ = {isa = PBXBuildFile; fileRef = 92AD4D322451F64600F26A62 /* PagingCollectionViewLayout.swift */; };
		92B043AD23A8EA9600330D8A /* UserAvatarView.swift in Sources */ = {isa = PBXBuildFile; fileRef = 92B043AC23A8EA9600330D8A /* UserAvatarView.swift */; };
		92B043AF23A9039600330D8A /* Network.swift in Sources */ = {isa = PBXBuildFile; fileRef = 92B043AE23A9039600330D8A /* Network.swift */; };
		92CC3CC82439F88800731371 /* LoginPageViewController.swift in Sources */ = {isa = PBXBuildFile; fileRef = 92CC3CC72439F88800731371 /* LoginPageViewController.swift */; };
		92CC3CCA2439F89700731371 /* LoginPageViewModel.swift in Sources */ = {isa = PBXBuildFile; fileRef = 92CC3CC92439F89700731371 /* LoginPageViewModel.swift */; };
		92CC3CCC2439F8A700731371 /* LoginPageRouter.swift in Sources */ = {isa = PBXBuildFile; fileRef = 92CC3CCB2439F8A700731371 /* LoginPageRouter.swift */; };
		92CC3CCE2439F8D200731371 /* LoginPageContract.swift in Sources */ = {isa = PBXBuildFile; fileRef = 92CC3CCD2439F8D200731371 /* LoginPageContract.swift */; };
		92CD5CFB244A17B10025C600 /* PostEditorTitleTextCell.swift in Sources */ = {isa = PBXBuildFile; fileRef = 92CD5CFA244A17B10025C600 /* PostEditorTitleTextCell.swift */; };
		92CD5CFD244AFE250025C600 /* StringExtansion.swift in Sources */ = {isa = PBXBuildFile; fileRef = 92CD5CFC244AFE250025C600 /* StringExtansion.swift */; };
		92CD63D32460254000D8F77C /* Location.swift in Sources */ = {isa = PBXBuildFile; fileRef = 92CD63D22460254000D8F77C /* Location.swift */; };
		92CD63D524602B5400D8F77C /* Post.swift in Sources */ = {isa = PBXBuildFile; fileRef = 92CD63D424602B5400D8F77C /* Post.swift */; };
		92CD63D724605BE100D8F77C /* LocationManager.swift in Sources */ = {isa = PBXBuildFile; fileRef = 92CD63D624605BE100D8F77C /* LocationManager.swift */; };
		92D1A48D244E23690058AEBE /* BookmarksViewController.swift in Sources */ = {isa = PBXBuildFile; fileRef = 92D1A48C244E23690058AEBE /* BookmarksViewController.swift */; };
		92D1A48F244E23850058AEBE /* BookmarksViewModel.swift in Sources */ = {isa = PBXBuildFile; fileRef = 92D1A48E244E23850058AEBE /* BookmarksViewModel.swift */; };
		92E62AC2239BF83E009A2CD2 /* MainViewController.swift in Sources */ = {isa = PBXBuildFile; fileRef = 92E62AC1239BF83E009A2CD2 /* MainViewController.swift */; };
		92E62AC4239BFB98009A2CD2 /* Podfile in Resources */ = {isa = PBXBuildFile; fileRef = 92E62AC3239BFB98009A2CD2 /* Podfile */; };
		92E62AC7239CDBEB009A2CD2 /* MainViewModel.swift in Sources */ = {isa = PBXBuildFile; fileRef = 92E62AC6239CDBEB009A2CD2 /* MainViewModel.swift */; };
		92E62AC9239CE6DE009A2CD2 /* CardView.swift in Sources */ = {isa = PBXBuildFile; fileRef = 92E62AC8239CE6DE009A2CD2 /* CardView.swift */; };
		92E62ACB239CE883009A2CD2 /* CardViewModel.swift in Sources */ = {isa = PBXBuildFile; fileRef = 92E62ACA239CE883009A2CD2 /* CardViewModel.swift */; };
		92E62AD0239CEBD8009A2CD2 /* User.swift in Sources */ = {isa = PBXBuildFile; fileRef = 92E62ACF239CEBD8009A2CD2 /* User.swift */; };
		92E62AD2239D0DDC009A2CD2 /* BaseViewController.swift in Sources */ = {isa = PBXBuildFile; fileRef = 92E62AD1239D0DDC009A2CD2 /* BaseViewController.swift */; };
		92E8C34F239BF681009F84EE /* AppDelegate.swift in Sources */ = {isa = PBXBuildFile; fileRef = 92E8C34E239BF681009F84EE /* AppDelegate.swift */; };
		92E8C351239BF681009F84EE /* SceneDelegate.swift in Sources */ = {isa = PBXBuildFile; fileRef = 92E8C350239BF681009F84EE /* SceneDelegate.swift */; };
		92E8C355239BF685009F84EE /* Assets.xcassets in Resources */ = {isa = PBXBuildFile; fileRef = 92E8C354239BF685009F84EE /* Assets.xcassets */; };
		92E8C358239BF685009F84EE /* Preview Assets.xcassets in Resources */ = {isa = PBXBuildFile; fileRef = 92E8C357239BF685009F84EE /* Preview Assets.xcassets */; };
		92E8C35B239BF685009F84EE /* LaunchScreen.storyboard in Resources */ = {isa = PBXBuildFile; fileRef = 92E8C359239BF685009F84EE /* LaunchScreen.storyboard */; };
		92ED213923AD23DB00819997 /* Gentleman-Thin.ttf in Resources */ = {isa = PBXBuildFile; fileRef = 92ED212F23AD23DB00819997 /* Gentleman-Thin.ttf */; };
		92ED213A23AD23DB00819997 /* Gentleman-Light.ttf in Resources */ = {isa = PBXBuildFile; fileRef = 92ED213023AD23DB00819997 /* Gentleman-Light.ttf */; };
		92ED213B23AD23DB00819997 /* Gentleman-ExtraLight.ttf in Resources */ = {isa = PBXBuildFile; fileRef = 92ED213123AD23DB00819997 /* Gentleman-ExtraLight.ttf */; };
		92ED213C23AD23DB00819997 /* Gentleman-Bold.ttf in Resources */ = {isa = PBXBuildFile; fileRef = 92ED213223AD23DB00819997 /* Gentleman-Bold.ttf */; };
		92ED213D23AD23DB00819997 /* Gentleman-Regular.ttf in Resources */ = {isa = PBXBuildFile; fileRef = 92ED213323AD23DB00819997 /* Gentleman-Regular.ttf */; };
		92ED213E23AD23DB00819997 /* Gentleman-Black.ttf in Resources */ = {isa = PBXBuildFile; fileRef = 92ED213423AD23DB00819997 /* Gentleman-Black.ttf */; };
		92ED213F23AD23DB00819997 /* Gentleman-Medium.ttf in Resources */ = {isa = PBXBuildFile; fileRef = 92ED213523AD23DB00819997 /* Gentleman-Medium.ttf */; };
		92ED214023AD23DB00819997 /* Gentleman-Heavy.ttf in Resources */ = {isa = PBXBuildFile; fileRef = 92ED213623AD23DB00819997 /* Gentleman-Heavy.ttf */; };
		92ED214123AD23DB00819997 /* Gentleman-Hairline.ttf in Resources */ = {isa = PBXBuildFile; fileRef = 92ED213723AD23DB00819997 /* Gentleman-Hairline.ttf */; };
		92ED214223AD23DB00819997 /* Gentleman-Book.ttf in Resources */ = {isa = PBXBuildFile; fileRef = 92ED213823AD23DB00819997 /* Gentleman-Book.ttf */; };
		92ED214423AD259200819997 /* Text.swift in Sources */ = {isa = PBXBuildFile; fileRef = 92ED214323AD259200819997 /* Text.swift */; };
		92ED214623AD46ED00819997 /* Design.swift in Sources */ = {isa = PBXBuildFile; fileRef = 92ED214523AD46ED00819997 /* Design.swift */; };
		92ED214823AD7DB600819997 /* Button.swift in Sources */ = {isa = PBXBuildFile; fileRef = 92ED214723AD7DB600819997 /* Button.swift */; };
		92F46A23243B3B2C00CCC386 /* AccountManager.swift in Sources */ = {isa = PBXBuildFile; fileRef = 92F46A22243B3B2C00CCC386 /* AccountManager.swift */; };
		92F46A26243B47AC00CCC386 /* InputField.swift in Sources */ = {isa = PBXBuildFile; fileRef = 92F46A25243B47AC00CCC386 /* InputField.swift */; };
		92F46A28243B4ADB00CCC386 /* SignInViewController.swift in Sources */ = {isa = PBXBuildFile; fileRef = 92F46A27243B4ADB00CCC386 /* SignInViewController.swift */; };
		92F46A2A243B4AEB00CCC386 /* SignInViewModel.swift in Sources */ = {isa = PBXBuildFile; fileRef = 92F46A29243B4AEB00CCC386 /* SignInViewModel.swift */; };
		92F46A2C243B4AF600CCC386 /* SignInContract.swift in Sources */ = {isa = PBXBuildFile; fileRef = 92F46A2B243B4AF600CCC386 /* SignInContract.swift */; };
		92F46A2E243B4B0000CCC386 /* SignInRouter.swift in Sources */ = {isa = PBXBuildFile; fileRef = 92F46A2D243B4B0000CCC386 /* SignInRouter.swift */; };
		92F7E9F52448AB84007B3BF3 /* PostEditorPhotoBlockCell.swift in Sources */ = {isa = PBXBuildFile; fileRef = 92F7E9F42448AB84007B3BF3 /* PostEditorPhotoBlockCell.swift */; };
		92F7E9F72448B749007B3BF3 /* PostBlockSelectorViewCell.swift in Sources */ = {isa = PBXBuildFile; fileRef = 92F7E9F62448B749007B3BF3 /* PostBlockSelectorViewCell.swift */; };
		92F9C4EB23DC7E0D00AB9823 /* API.swift in Sources */ = {isa = PBXBuildFile; fileRef = 92F9C4EA23DC7E0D00AB9823 /* API.swift */; };
		92F9C4ED23DC802900AB9823 /* FirebaseAPI.swift in Sources */ = {isa = PBXBuildFile; fileRef = 92F9C4EC23DC802900AB9823 /* FirebaseAPI.swift */; };
		92F9C4EF23DCCAEE00AB9823 /* AsyncImageDownload.swift in Sources */ = {isa = PBXBuildFile; fileRef = 92F9C4EE23DCCAEE00AB9823 /* AsyncImageDownload.swift */; };
/* End PBXBuildFile section */

/* Begin PBXFileReference section */
		44C406F87CFECDCD16F66693 /* Pods-round.debug.xcconfig */ = {isa = PBXFileReference; includeInIndex = 1; lastKnownFileType = text.xcconfig; name = "Pods-round.debug.xcconfig"; path = "Target Support Files/Pods-round/Pods-round.debug.xcconfig"; sourceTree = "<group>"; };
		9209EBEA2455702F00520513 /* ProfileEditorViewController.swift */ = {isa = PBXFileReference; lastKnownFileType = sourcecode.swift; path = ProfileEditorViewController.swift; sourceTree = "<group>"; };
		9209EBEC2455709200520513 /* ProfileEditorViewModel.swift */ = {isa = PBXFileReference; lastKnownFileType = sourcecode.swift; path = ProfileEditorViewModel.swift; sourceTree = "<group>"; };
		9209EBEE2455715700520513 /* ProfileEditorRouter.swift */ = {isa = PBXFileReference; lastKnownFileType = sourcecode.swift; path = ProfileEditorRouter.swift; sourceTree = "<group>"; };
		9209EBF02455716900520513 /* ProfileEditorContract.swift */ = {isa = PBXFileReference; lastKnownFileType = sourcecode.swift; path = ProfileEditorContract.swift; sourceTree = "<group>"; };
		9209EBF224558D7600520513 /* UIImageExtension.swift */ = {isa = PBXFileReference; lastKnownFileType = sourcecode.swift; path = UIImageExtension.swift; sourceTree = "<group>"; };
		92132E93246320EB00C58810 /* ErrorHandler.swift */ = {isa = PBXFileReference; lastKnownFileType = sourcecode.swift; path = ErrorHandler.swift; sourceTree = "<group>"; };
		92132E95246335B100C58810 /* RNSimpleView.swift */ = {isa = PBXFileReference; lastKnownFileType = sourcecode.swift; path = RNSimpleView.swift; sourceTree = "<group>"; };
		92132E97246337AE00C58810 /* RNGestureManager.swift */ = {isa = PBXFileReference; lastKnownFileType = sourcecode.swift; path = RNGestureManager.swift; sourceTree = "<group>"; };
		921A263923BF542700EF8715 /* GoogleService-Info.plist */ = {isa = PBXFileReference; fileEncoding = 4; lastKnownFileType = text.plist.xml; path = "GoogleService-Info.plist"; sourceTree = "<group>"; };
		9228541724541D710033E549 /* ProfileHeaderView.swift */ = {isa = PBXFileReference; lastKnownFileType = sourcecode.swift; path = ProfileHeaderView.swift; sourceTree = "<group>"; };
		9228541A2454421D0033E549 /* ProfilePostCell.swift */ = {isa = PBXFileReference; lastKnownFileType = sourcecode.swift; path = ProfilePostCell.swift; sourceTree = "<group>"; };
		9228541D245472C20033E549 /* ProfileCollectionLayout.swift */ = {isa = PBXFileReference; lastKnownFileType = sourcecode.swift; path = ProfileCollectionLayout.swift; sourceTree = "<group>"; };
		923E0946243FA71D0010DF5A /* PostEdtorViewController.swift */ = {isa = PBXFileReference; lastKnownFileType = sourcecode.swift; path = PostEdtorViewController.swift; sourceTree = "<group>"; };
		923E0948243FA73E0010DF5A /* PostEditorViewModel.swift */ = {isa = PBXFileReference; lastKnownFileType = sourcecode.swift; path = PostEditorViewModel.swift; sourceTree = "<group>"; };
		923E094A243FA74A0010DF5A /* PostEditorRouter.swift */ = {isa = PBXFileReference; lastKnownFileType = sourcecode.swift; path = PostEditorRouter.swift; sourceTree = "<group>"; };
		923E094E243FA76F0010DF5A /* PostEditorContract.swift */ = {isa = PBXFileReference; lastKnownFileType = sourcecode.swift; path = PostEditorContract.swift; sourceTree = "<group>"; };
		923E0952243FABBB0010DF5A /* PostEditorHeaderCell.swift */ = {isa = PBXFileReference; lastKnownFileType = sourcecode.swift; path = PostEditorHeaderCell.swift; sourceTree = "<group>"; };
		9242C4C6244F2C87009EA6AE /* Notifications.swift */ = {isa = PBXFileReference; lastKnownFileType = sourcecode.swift; path = Notifications.swift; sourceTree = "<group>"; };
		9256DF4E246704DC00DB9777 /* textKeybordEditor.swift */ = {isa = PBXFileReference; lastKnownFileType = sourcecode.swift; path = textKeybordEditor.swift; sourceTree = "<group>"; };
		9256DF502468009200DB9777 /* PostBlockSelectorTableViewHeaderView.swift */ = {isa = PBXFileReference; lastKnownFileType = sourcecode.swift; path = PostBlockSelectorTableViewHeaderView.swift; sourceTree = "<group>"; };
		9256DF52246871CF00DB9777 /* RNFullscreenActivityIndicator.swift */ = {isa = PBXFileReference; lastKnownFileType = sourcecode.swift; path = RNFullscreenActivityIndicator.swift; sourceTree = "<group>"; };
		9256DF542468985600DB9777 /* ProfileEditorDelegate.swift */ = {isa = PBXFileReference; lastKnownFileType = sourcecode.swift; path = ProfileEditorDelegate.swift; sourceTree = "<group>"; };
		925A5A3B24434C68009C7A42 /* PostEditorAddNewBlockCell.swift */ = {isa = PBXFileReference; lastKnownFileType = sourcecode.swift; path = PostEditorAddNewBlockCell.swift; sourceTree = "<group>"; };
		925A5A3D2443556B009C7A42 /* PostBlockSelectorViewController.swift */ = {isa = PBXFileReference; lastKnownFileType = sourcecode.swift; path = PostBlockSelectorViewController.swift; sourceTree = "<group>"; };
		925A5A3F24436257009C7A42 /* PostEditorSimpleTextCell.swift */ = {isa = PBXFileReference; lastKnownFileType = sourcecode.swift; path = PostEditorSimpleTextCell.swift; sourceTree = "<group>"; };
		925A5A41244365DB009C7A42 /* Observer.swift */ = {isa = PBXFileReference; lastKnownFileType = sourcecode.swift; path = Observer.swift; sourceTree = "<group>"; };
		9260B84F23B131A100AB18A5 /* PostViewController.swift */ = {isa = PBXFileReference; lastKnownFileType = sourcecode.swift; path = PostViewController.swift; sourceTree = "<group>"; };
		9260B85223B4C64700AB18A5 /* PostViewControllerHeader.swift */ = {isa = PBXFileReference; lastKnownFileType = sourcecode.swift; path = PostViewControllerHeader.swift; sourceTree = "<group>"; };
		9260B85423B4CF9A00AB18A5 /* PostOpenControllerAnimation.swift */ = {isa = PBXFileReference; lastKnownFileType = sourcecode.swift; path = PostOpenControllerAnimation.swift; sourceTree = "<group>"; };
		9260B85723B4E45600AB18A5 /* PostCloseControllerAnimation.swift */ = {isa = PBXFileReference; lastKnownFileType = sourcecode.swift; path = PostCloseControllerAnimation.swift; sourceTree = "<group>"; };
		9260B85A23B5EDEC00AB18A5 /* TitlePostCellView.swift */ = {isa = PBXFileReference; lastKnownFileType = sourcecode.swift; path = TitlePostCellView.swift; sourceTree = "<group>"; };
		9260B85C23B5EDF900AB18A5 /* TitlePostCellViewModel.swift */ = {isa = PBXFileReference; lastKnownFileType = sourcecode.swift; path = TitlePostCellViewModel.swift; sourceTree = "<group>"; };
		9260B85E23B5F17300AB18A5 /* BasePostCell.swift */ = {isa = PBXFileReference; lastKnownFileType = sourcecode.swift; path = BasePostCell.swift; sourceTree = "<group>"; };
		9260B86123B605C900AB18A5 /* ArticlePostCellView.swift */ = {isa = PBXFileReference; lastKnownFileType = sourcecode.swift; path = ArticlePostCellView.swift; sourceTree = "<group>"; };
		9260B86323B605D300AB18A5 /* ArticlePostCellViewModel.swift */ = {isa = PBXFileReference; lastKnownFileType = sourcecode.swift; path = ArticlePostCellViewModel.swift; sourceTree = "<group>"; };
		9260B86623B6070D00AB18A5 /* SimplePhotoPostCellView.swift */ = {isa = PBXFileReference; lastKnownFileType = sourcecode.swift; path = SimplePhotoPostCellView.swift; sourceTree = "<group>"; };
		9260B86823B6071500AB18A5 /* SimplePhotoPostCellViewModel.swift */ = {isa = PBXFileReference; lastKnownFileType = sourcecode.swift; path = SimplePhotoPostCellViewModel.swift; sourceTree = "<group>"; };
		9260B86C23B6405D00AB18A5 /* PostViewModel.swift */ = {isa = PBXFileReference; lastKnownFileType = sourcecode.swift; path = PostViewModel.swift; sourceTree = "<group>"; };
		926D209523E4702E00C8B492 /* TitlePostResponse.swift */ = {isa = PBXFileReference; lastKnownFileType = sourcecode.swift; path = TitlePostResponse.swift; sourceTree = "<group>"; };
		926D209723E4703E00C8B492 /* ArticlePostResponse.swift */ = {isa = PBXFileReference; lastKnownFileType = sourcecode.swift; path = ArticlePostResponse.swift; sourceTree = "<group>"; };
		926D209923E470BC00C8B492 /* SimplePhotoResponse.swift */ = {isa = PBXFileReference; lastKnownFileType = sourcecode.swift; path = SimplePhotoResponse.swift; sourceTree = "<group>"; };
		926D209D23E6C68D00C8B492 /* FilterSlider.swift */ = {isa = PBXFileReference; lastKnownFileType = sourcecode.swift; path = FilterSlider.swift; sourceTree = "<group>"; };
		9273364223F8456F008B4F43 /* CountriesList.swift */ = {isa = PBXFileReference; lastKnownFileType = sourcecode.swift; path = CountriesList.swift; sourceTree = "<group>"; };
		927EBEAD2440FACF003DA3ED /* ImagePickerViewController.swift */ = {isa = PBXFileReference; lastKnownFileType = sourcecode.swift; path = ImagePickerViewController.swift; sourceTree = "<group>"; };
		928275F823DD7515001B3965 /* Debug.swift */ = {isa = PBXFileReference; lastKnownFileType = sourcecode.swift; path = Debug.swift; sourceTree = "<group>"; };
		9284BBE824636BE900D151B9 /* RNTopActivityIndicator.swift */ = {isa = PBXFileReference; lastKnownFileType = sourcecode.swift; path = RNTopActivityIndicator.swift; sourceTree = "<group>"; };
		9284BBEA246460B200D151B9 /* PostSaveManager.swift */ = {isa = PBXFileReference; lastKnownFileType = sourcecode.swift; path = PostSaveManager.swift; sourceTree = "<group>"; };
		9291F3772439C75400804FD2 /* ProfileRouter.swift */ = {isa = PBXFileReference; lastKnownFileType = sourcecode.swift; path = ProfileRouter.swift; sourceTree = "<group>"; };
		9291F3792439C76500804FD2 /* ProfileViewController.swift */ = {isa = PBXFileReference; lastKnownFileType = sourcecode.swift; path = ProfileViewController.swift; sourceTree = "<group>"; };
		9291F37B2439C77200804FD2 /* ProfileViewModel.swift */ = {isa = PBXFileReference; lastKnownFileType = sourcecode.swift; path = ProfileViewModel.swift; sourceTree = "<group>"; };
		9291F37D2439C81700804FD2 /* ProfileContract.swift */ = {isa = PBXFileReference; lastKnownFileType = sourcecode.swift; path = ProfileContract.swift; sourceTree = "<group>"; };
		9294FEC224388F82005B98EF /* MainMenu.swift */ = {isa = PBXFileReference; lastKnownFileType = sourcecode.swift; path = MainMenu.swift; sourceTree = "<group>"; };
		9298E24A23F132F700952F28 /* FilterItem.swift */ = {isa = PBXFileReference; lastKnownFileType = sourcecode.swift; path = FilterItem.swift; sourceTree = "<group>"; };
		9298E24C23F1333A00952F28 /* AddFilterButton.swift */ = {isa = PBXFileReference; lastKnownFileType = sourcecode.swift; path = AddFilterButton.swift; sourceTree = "<group>"; };
		9298E24E23F1335500952F28 /* FilterTag.swift */ = {isa = PBXFileReference; lastKnownFileType = sourcecode.swift; path = FilterTag.swift; sourceTree = "<group>"; };
		9298E25123F13A2600952F28 /* CardViewTemplate.swift */ = {isa = PBXFileReference; lastKnownFileType = sourcecode.swift; path = CardViewTemplate.swift; sourceTree = "<group>"; };
		9298E25723F1479200952F28 /* FilterViewModel.swift */ = {isa = PBXFileReference; lastKnownFileType = sourcecode.swift; path = FilterViewModel.swift; sourceTree = "<group>"; };
		9298E25923F19F3100952F28 /* BaseControllerViewModel.swift */ = {isa = PBXFileReference; lastKnownFileType = sourcecode.swift; path = BaseControllerViewModel.swift; sourceTree = "<group>"; };
		9298E25C23F1DA8900952F28 /* SearchInput.swift */ = {isa = PBXFileReference; lastKnownFileType = sourcecode.swift; path = SearchInput.swift; sourceTree = "<group>"; };
		9298E25E23F28D1100952F28 /* SearchViewController.swift */ = {isa = PBXFileReference; lastKnownFileType = sourcecode.swift; path = SearchViewController.swift; sourceTree = "<group>"; };
		92AD4D322451F64600F26A62 /* PagingCollectionViewLayout.swift */ = {isa = PBXFileReference; lastKnownFileType = sourcecode.swift; path = PagingCollectionViewLayout.swift; sourceTree = "<group>"; };
		92B043AC23A8EA9600330D8A /* UserAvatarView.swift */ = {isa = PBXFileReference; lastKnownFileType = sourcecode.swift; path = UserAvatarView.swift; sourceTree = "<group>"; };
		92B043AE23A9039600330D8A /* Network.swift */ = {isa = PBXFileReference; lastKnownFileType = sourcecode.swift; path = Network.swift; sourceTree = "<group>"; };
		92CC3CC72439F88800731371 /* LoginPageViewController.swift */ = {isa = PBXFileReference; lastKnownFileType = sourcecode.swift; path = LoginPageViewController.swift; sourceTree = "<group>"; };
		92CC3CC92439F89700731371 /* LoginPageViewModel.swift */ = {isa = PBXFileReference; lastKnownFileType = sourcecode.swift; path = LoginPageViewModel.swift; sourceTree = "<group>"; };
		92CC3CCB2439F8A700731371 /* LoginPageRouter.swift */ = {isa = PBXFileReference; lastKnownFileType = sourcecode.swift; path = LoginPageRouter.swift; sourceTree = "<group>"; };
		92CC3CCD2439F8D200731371 /* LoginPageContract.swift */ = {isa = PBXFileReference; lastKnownFileType = sourcecode.swift; path = LoginPageContract.swift; sourceTree = "<group>"; };
		92CD5CFA244A17B10025C600 /* PostEditorTitleTextCell.swift */ = {isa = PBXFileReference; lastKnownFileType = sourcecode.swift; path = PostEditorTitleTextCell.swift; sourceTree = "<group>"; };
		92CD5CFC244AFE250025C600 /* StringExtansion.swift */ = {isa = PBXFileReference; lastKnownFileType = sourcecode.swift; path = StringExtansion.swift; sourceTree = "<group>"; };
		92CD63D22460254000D8F77C /* Location.swift */ = {isa = PBXFileReference; lastKnownFileType = sourcecode.swift; path = Location.swift; sourceTree = "<group>"; };
		92CD63D424602B5400D8F77C /* Post.swift */ = {isa = PBXFileReference; lastKnownFileType = sourcecode.swift; path = Post.swift; sourceTree = "<group>"; };
		92CD63D624605BE100D8F77C /* LocationManager.swift */ = {isa = PBXFileReference; lastKnownFileType = sourcecode.swift; path = LocationManager.swift; sourceTree = "<group>"; };
		92D1A48C244E23690058AEBE /* BookmarksViewController.swift */ = {isa = PBXFileReference; lastKnownFileType = sourcecode.swift; path = BookmarksViewController.swift; sourceTree = "<group>"; };
		92D1A48E244E23850058AEBE /* BookmarksViewModel.swift */ = {isa = PBXFileReference; lastKnownFileType = sourcecode.swift; path = BookmarksViewModel.swift; sourceTree = "<group>"; };
		92E62AC1239BF83E009A2CD2 /* MainViewController.swift */ = {isa = PBXFileReference; lastKnownFileType = sourcecode.swift; path = MainViewController.swift; sourceTree = "<group>"; };
		92E62AC3239BFB98009A2CD2 /* Podfile */ = {isa = PBXFileReference; fileEncoding = 4; lastKnownFileType = text; path = Podfile; sourceTree = "<group>"; xcLanguageSpecificationIdentifier = xcode.lang.ruby; };
		92E62AC6239CDBEB009A2CD2 /* MainViewModel.swift */ = {isa = PBXFileReference; lastKnownFileType = sourcecode.swift; path = MainViewModel.swift; sourceTree = "<group>"; };
		92E62AC8239CE6DE009A2CD2 /* CardView.swift */ = {isa = PBXFileReference; lastKnownFileType = sourcecode.swift; path = CardView.swift; sourceTree = "<group>"; };
		92E62ACA239CE883009A2CD2 /* CardViewModel.swift */ = {isa = PBXFileReference; lastKnownFileType = sourcecode.swift; path = CardViewModel.swift; sourceTree = "<group>"; };
		92E62ACF239CEBD8009A2CD2 /* User.swift */ = {isa = PBXFileReference; lastKnownFileType = sourcecode.swift; path = User.swift; sourceTree = "<group>"; };
		92E62AD1239D0DDC009A2CD2 /* BaseViewController.swift */ = {isa = PBXFileReference; lastKnownFileType = sourcecode.swift; path = BaseViewController.swift; sourceTree = "<group>"; };
		92E8C34B239BF681009F84EE /* round.app */ = {isa = PBXFileReference; explicitFileType = wrapper.application; includeInIndex = 0; path = round.app; sourceTree = BUILT_PRODUCTS_DIR; };
		92E8C34E239BF681009F84EE /* AppDelegate.swift */ = {isa = PBXFileReference; lastKnownFileType = sourcecode.swift; path = AppDelegate.swift; sourceTree = "<group>"; };
		92E8C350239BF681009F84EE /* SceneDelegate.swift */ = {isa = PBXFileReference; lastKnownFileType = sourcecode.swift; path = SceneDelegate.swift; sourceTree = "<group>"; };
		92E8C354239BF685009F84EE /* Assets.xcassets */ = {isa = PBXFileReference; lastKnownFileType = folder.assetcatalog; path = Assets.xcassets; sourceTree = "<group>"; };
		92E8C357239BF685009F84EE /* Preview Assets.xcassets */ = {isa = PBXFileReference; lastKnownFileType = folder.assetcatalog; path = "Preview Assets.xcassets"; sourceTree = "<group>"; };
		92E8C35A239BF685009F84EE /* Base */ = {isa = PBXFileReference; lastKnownFileType = file.storyboard; name = Base; path = Base.lproj/LaunchScreen.storyboard; sourceTree = "<group>"; };
		92E8C35C239BF685009F84EE /* Info.plist */ = {isa = PBXFileReference; lastKnownFileType = text.plist.xml; path = Info.plist; sourceTree = "<group>"; };
		92ED212F23AD23DB00819997 /* Gentleman-Thin.ttf */ = {isa = PBXFileReference; lastKnownFileType = file; path = "Gentleman-Thin.ttf"; sourceTree = "<group>"; };
		92ED213023AD23DB00819997 /* Gentleman-Light.ttf */ = {isa = PBXFileReference; lastKnownFileType = file; path = "Gentleman-Light.ttf"; sourceTree = "<group>"; };
		92ED213123AD23DB00819997 /* Gentleman-ExtraLight.ttf */ = {isa = PBXFileReference; lastKnownFileType = file; path = "Gentleman-ExtraLight.ttf"; sourceTree = "<group>"; };
		92ED213223AD23DB00819997 /* Gentleman-Bold.ttf */ = {isa = PBXFileReference; lastKnownFileType = file; path = "Gentleman-Bold.ttf"; sourceTree = "<group>"; };
		92ED213323AD23DB00819997 /* Gentleman-Regular.ttf */ = {isa = PBXFileReference; lastKnownFileType = file; path = "Gentleman-Regular.ttf"; sourceTree = "<group>"; };
		92ED213423AD23DB00819997 /* Gentleman-Black.ttf */ = {isa = PBXFileReference; lastKnownFileType = file; path = "Gentleman-Black.ttf"; sourceTree = "<group>"; };
		92ED213523AD23DB00819997 /* Gentleman-Medium.ttf */ = {isa = PBXFileReference; lastKnownFileType = file; path = "Gentleman-Medium.ttf"; sourceTree = "<group>"; };
		92ED213623AD23DB00819997 /* Gentleman-Heavy.ttf */ = {isa = PBXFileReference; lastKnownFileType = file; path = "Gentleman-Heavy.ttf"; sourceTree = "<group>"; };
		92ED213723AD23DB00819997 /* Gentleman-Hairline.ttf */ = {isa = PBXFileReference; lastKnownFileType = file; path = "Gentleman-Hairline.ttf"; sourceTree = "<group>"; };
		92ED213823AD23DB00819997 /* Gentleman-Book.ttf */ = {isa = PBXFileReference; lastKnownFileType = file; path = "Gentleman-Book.ttf"; sourceTree = "<group>"; };
		92ED214323AD259200819997 /* Text.swift */ = {isa = PBXFileReference; lastKnownFileType = sourcecode.swift; path = Text.swift; sourceTree = "<group>"; };
		92ED214523AD46ED00819997 /* Design.swift */ = {isa = PBXFileReference; lastKnownFileType = sourcecode.swift; path = Design.swift; sourceTree = "<group>"; };
		92ED214723AD7DB600819997 /* Button.swift */ = {isa = PBXFileReference; lastKnownFileType = sourcecode.swift; path = Button.swift; sourceTree = "<group>"; };
		92F46A22243B3B2C00CCC386 /* AccountManager.swift */ = {isa = PBXFileReference; lastKnownFileType = sourcecode.swift; path = AccountManager.swift; sourceTree = "<group>"; };
		92F46A25243B47AC00CCC386 /* InputField.swift */ = {isa = PBXFileReference; lastKnownFileType = sourcecode.swift; path = InputField.swift; sourceTree = "<group>"; };
		92F46A27243B4ADB00CCC386 /* SignInViewController.swift */ = {isa = PBXFileReference; lastKnownFileType = sourcecode.swift; path = SignInViewController.swift; sourceTree = "<group>"; };
		92F46A29243B4AEB00CCC386 /* SignInViewModel.swift */ = {isa = PBXFileReference; lastKnownFileType = sourcecode.swift; path = SignInViewModel.swift; sourceTree = "<group>"; };
		92F46A2B243B4AF600CCC386 /* SignInContract.swift */ = {isa = PBXFileReference; lastKnownFileType = sourcecode.swift; path = SignInContract.swift; sourceTree = "<group>"; };
		92F46A2D243B4B0000CCC386 /* SignInRouter.swift */ = {isa = PBXFileReference; lastKnownFileType = sourcecode.swift; path = SignInRouter.swift; sourceTree = "<group>"; };
		92F7E9F42448AB84007B3BF3 /* PostEditorPhotoBlockCell.swift */ = {isa = PBXFileReference; lastKnownFileType = sourcecode.swift; path = PostEditorPhotoBlockCell.swift; sourceTree = "<group>"; };
		92F7E9F62448B749007B3BF3 /* PostBlockSelectorViewCell.swift */ = {isa = PBXFileReference; lastKnownFileType = sourcecode.swift; path = PostBlockSelectorViewCell.swift; sourceTree = "<group>"; };
		92F9C4EA23DC7E0D00AB9823 /* API.swift */ = {isa = PBXFileReference; lastKnownFileType = sourcecode.swift; path = API.swift; sourceTree = "<group>"; };
		92F9C4EC23DC802900AB9823 /* FirebaseAPI.swift */ = {isa = PBXFileReference; lastKnownFileType = sourcecode.swift; path = FirebaseAPI.swift; sourceTree = "<group>"; };
		92F9C4EE23DCCAEE00AB9823 /* AsyncImageDownload.swift */ = {isa = PBXFileReference; lastKnownFileType = sourcecode.swift; path = AsyncImageDownload.swift; sourceTree = "<group>"; };
		F51D8B8D7C7EA57A4D12A05C /* Pods-round.release.xcconfig */ = {isa = PBXFileReference; includeInIndex = 1; lastKnownFileType = text.xcconfig; name = "Pods-round.release.xcconfig"; path = "Target Support Files/Pods-round/Pods-round.release.xcconfig"; sourceTree = "<group>"; };
		F7B852BC606DDD68D0C317ED /* Pods_round.framework */ = {isa = PBXFileReference; explicitFileType = wrapper.framework; includeInIndex = 0; path = Pods_round.framework; sourceTree = BUILT_PRODUCTS_DIR; };
/* End PBXFileReference section */

/* Begin PBXFrameworksBuildPhase section */
		92E8C348239BF681009F84EE /* Frameworks */ = {
			isa = PBXFrameworksBuildPhase;
			buildActionMask = 2147483647;
			files = (
				3D19F14FEB2ACE0182E01741 /* Pods_round.framework in Frameworks */,
			);
			runOnlyForDeploymentPostprocessing = 0;
		};
/* End PBXFrameworksBuildPhase section */

/* Begin PBXGroup section */
		06A86CBC0C63CF7DF8049250 /* Pods */ = {
			isa = PBXGroup;
			children = (
				44C406F87CFECDCD16F66693 /* Pods-round.debug.xcconfig */,
				F51D8B8D7C7EA57A4D12A05C /* Pods-round.release.xcconfig */,
			);
			path = Pods;
			sourceTree = "<group>";
		};
		9209EBE92455701400520513 /* ProfileEditor */ = {
			isa = PBXGroup;
			children = (
				9209EBEA2455702F00520513 /* ProfileEditorViewController.swift */,
				9209EBEC2455709200520513 /* ProfileEditorViewModel.swift */,
				9209EBEE2455715700520513 /* ProfileEditorRouter.swift */,
				9209EBF02455716900520513 /* ProfileEditorContract.swift */,
				9256DF542468985600DB9777 /* ProfileEditorDelegate.swift */,
			);
			path = ProfileEditor;
			sourceTree = "<group>";
		};
		92285419245442000033E549 /* Cells */ = {
			isa = PBXGroup;
			children = (
				9228541724541D710033E549 /* ProfileHeaderView.swift */,
				9228541A2454421D0033E549 /* ProfilePostCell.swift */,
			);
			path = Cells;
			sourceTree = "<group>";
		};
		923E0945243FA6FC0010DF5A /* PostEditor */ = {
			isa = PBXGroup;
			children = (
				923E0950243FA7C40010DF5A /* PostBlocksSelector */,
				923E0951243FABA00010DF5A /* EditorCells */,
				923E0946243FA71D0010DF5A /* PostEdtorViewController.swift */,
				923E0948243FA73E0010DF5A /* PostEditorViewModel.swift */,
				923E094A243FA74A0010DF5A /* PostEditorRouter.swift */,
				923E094E243FA76F0010DF5A /* PostEditorContract.swift */,
				9256DF4E246704DC00DB9777 /* textKeybordEditor.swift */,
			);
			path = PostEditor;
			sourceTree = "<group>";
		};
		923E0950243FA7C40010DF5A /* PostBlocksSelector */ = {
			isa = PBXGroup;
			children = (
				925A5A3D2443556B009C7A42 /* PostBlockSelectorViewController.swift */,
				92F7E9F62448B749007B3BF3 /* PostBlockSelectorViewCell.swift */,
				9256DF502468009200DB9777 /* PostBlockSelectorTableViewHeaderView.swift */,
			);
			path = PostBlocksSelector;
			sourceTree = "<group>";
		};
		923E0951243FABA00010DF5A /* EditorCells */ = {
			isa = PBXGroup;
			children = (
				923E0952243FABBB0010DF5A /* PostEditorHeaderCell.swift */,
				925A5A3B24434C68009C7A42 /* PostEditorAddNewBlockCell.swift */,
				925A5A3F24436257009C7A42 /* PostEditorSimpleTextCell.swift */,
				92F7E9F42448AB84007B3BF3 /* PostEditorPhotoBlockCell.swift */,
				92CD5CFA244A17B10025C600 /* PostEditorTitleTextCell.swift */,
			);
			path = EditorCells;
			sourceTree = "<group>";
		};
		9260B84B23B1102000AB18A5 /* Filter */ = {
			isa = PBXGroup;
			children = (
				9298E25E23F28D1100952F28 /* SearchViewController.swift */,
				9298E25723F1479200952F28 /* FilterViewModel.swift */,
			);
			path = Filter;
			sourceTree = "<group>";
		};
		9260B84C23B12C8500AB18A5 /* Post */ = {
			isa = PBXGroup;
			children = (
				9260B85623B4E3BB00AB18A5 /* PostCells */,
				9260B84F23B131A100AB18A5 /* PostViewController.swift */,
				9260B85223B4C64700AB18A5 /* PostViewControllerHeader.swift */,
				9260B85423B4CF9A00AB18A5 /* PostOpenControllerAnimation.swift */,
				9260B85723B4E45600AB18A5 /* PostCloseControllerAnimation.swift */,
				9260B86C23B6405D00AB18A5 /* PostViewModel.swift */,
			);
			path = Post;
			sourceTree = "<group>";
		};
		9260B85623B4E3BB00AB18A5 /* PostCells */ = {
			isa = PBXGroup;
			children = (
				9260B86523B606EB00AB18A5 /* SimplePhotoCell */,
				9260B86023B6059500AB18A5 /* ArticleCell */,
				9260B85923B5EDBB00AB18A5 /* TitleCell */,
				9260B85E23B5F17300AB18A5 /* BasePostCell.swift */,
			);
			path = PostCells;
			sourceTree = "<group>";
		};
		9260B85923B5EDBB00AB18A5 /* TitleCell */ = {
			isa = PBXGroup;
			children = (
				9260B85A23B5EDEC00AB18A5 /* TitlePostCellView.swift */,
				9260B85C23B5EDF900AB18A5 /* TitlePostCellViewModel.swift */,
			);
			path = TitleCell;
			sourceTree = "<group>";
		};
		9260B86023B6059500AB18A5 /* ArticleCell */ = {
			isa = PBXGroup;
			children = (
				9260B86123B605C900AB18A5 /* ArticlePostCellView.swift */,
				9260B86323B605D300AB18A5 /* ArticlePostCellViewModel.swift */,
			);
			path = ArticleCell;
			sourceTree = "<group>";
		};
		9260B86523B606EB00AB18A5 /* SimplePhotoCell */ = {
			isa = PBXGroup;
			children = (
				9260B86623B6070D00AB18A5 /* SimplePhotoPostCellView.swift */,
				9260B86823B6071500AB18A5 /* SimplePhotoPostCellViewModel.swift */,
			);
			path = SimplePhotoCell;
			sourceTree = "<group>";
		};
		926D209423E46FE300C8B492 /* FireResponse */ = {
			isa = PBXGroup;
			children = (
				926D209523E4702E00C8B492 /* TitlePostResponse.swift */,
				926D209723E4703E00C8B492 /* ArticlePostResponse.swift */,
				926D209923E470BC00C8B492 /* SimplePhotoResponse.swift */,
			);
			path = FireResponse;
			sourceTree = "<group>";
		};
		927EBEAC2440FAAA003DA3ED /* ImageGallegyPicker */ = {
			isa = PBXGroup;
			children = (
				927EBEAD2440FACF003DA3ED /* ImagePickerViewController.swift */,
			);
			path = ImageGallegyPicker;
			sourceTree = "<group>";
		};
		9284BBEC246558FA00D151B9 /* PostSavingManager */ = {
			isa = PBXGroup;
			children = (
				9284BBEA246460B200D151B9 /* PostSaveManager.swift */,
			);
			path = PostSavingManager;
			sourceTree = "<group>";
		};
		9294FEC124388DCB005B98EF /* Menu */ = {
			isa = PBXGroup;
			children = (
				9294FEC224388F82005B98EF /* MainMenu.swift */,
			);
			path = Menu;
			sourceTree = "<group>";
		};
		9298E24923F1311100952F28 /* Filter slider */ = {
			isa = PBXGroup;
			children = (
				926D209D23E6C68D00C8B492 /* FilterSlider.swift */,
				9298E24A23F132F700952F28 /* FilterItem.swift */,
				9298E24C23F1333A00952F28 /* AddFilterButton.swift */,
				9298E24E23F1335500952F28 /* FilterTag.swift */,
			);
			path = "Filter slider";
			sourceTree = "<group>";
		};
		9298E25023F137A300952F28 /* Cards */ = {
			isa = PBXGroup;
			children = (
				92E62AC8239CE6DE009A2CD2 /* CardView.swift */,
				92E62ACA239CE883009A2CD2 /* CardViewModel.swift */,
				9298E25123F13A2600952F28 /* CardViewTemplate.swift */,
			);
			path = Cards;
			sourceTree = "<group>";
		};
		92B043AB23A8EA6300330D8A /* Design */ = {
			isa = PBXGroup;
			children = (
				92ED212E23AD23C800819997 /* Font */,
				92B043AC23A8EA9600330D8A /* UserAvatarView.swift */,
				92ED214323AD259200819997 /* Text.swift */,
				92ED214523AD46ED00819997 /* Design.swift */,
				92ED214723AD7DB600819997 /* Button.swift */,
				9298E25C23F1DA8900952F28 /* SearchInput.swift */,
				92F46A25243B47AC00CCC386 /* InputField.swift */,
			);
			path = Design;
			sourceTree = "<group>";
		};
		92CC3CC62439F86300731371 /* LoginPage */ = {
			isa = PBXGroup;
			children = (
				92CC3CC72439F88800731371 /* LoginPageViewController.swift */,
				92CC3CC92439F89700731371 /* LoginPageViewModel.swift */,
				92CC3CCB2439F8A700731371 /* LoginPageRouter.swift */,
				92CC3CCD2439F8D200731371 /* LoginPageContract.swift */,
			);
			path = LoginPage;
			sourceTree = "<group>";
		};
		92D1A48A244E1F520058AEBE /* Notification */ = {
			isa = PBXGroup;
			children = (
				9242C4C6244F2C87009EA6AE /* Notifications.swift */,
				92132E95246335B100C58810 /* RNSimpleView.swift */,
				92132E97246337AE00C58810 /* RNGestureManager.swift */,
				9284BBE824636BE900D151B9 /* RNTopActivityIndicator.swift */,
				9256DF52246871CF00DB9777 /* RNFullscreenActivityIndicator.swift */,
			);
			path = Notification;
			sourceTree = "<group>";
		};
		92D1A48B244E23420058AEBE /* Bookmarks */ = {
			isa = PBXGroup;
			children = (
				92D1A48C244E23690058AEBE /* BookmarksViewController.swift */,
				92D1A48E244E23850058AEBE /* BookmarksViewModel.swift */,
			);
			path = Bookmarks;
			sourceTree = "<group>";
		};
		92E62AC5239CDBCE009A2CD2 /* Main */ = {
			isa = PBXGroup;
			children = (
				9298E25023F137A300952F28 /* Cards */,
				9298E24923F1311100952F28 /* Filter slider */,
				92E62AC1239BF83E009A2CD2 /* MainViewController.swift */,
				92E62AC6239CDBEB009A2CD2 /* MainViewModel.swift */,
				92AD4D322451F64600F26A62 /* PagingCollectionViewLayout.swift */,
			);
			path = Main;
			sourceTree = "<group>";
		};
		92E62ACC239CEBA5009A2CD2 /* Net */ = {
			isa = PBXGroup;
			children = (
				9284BBEC246558FA00D151B9 /* PostSavingManager */,
				926D209423E46FE300C8B492 /* FireResponse */,
				92B043AE23A9039600330D8A /* Network.swift */,
				92F9C4EA23DC7E0D00AB9823 /* API.swift */,
				92F9C4EC23DC802900AB9823 /* FirebaseAPI.swift */,
				92F9C4EE23DCCAEE00AB9823 /* AsyncImageDownload.swift */,
				92F46A22243B3B2C00CCC386 /* AccountManager.swift */,
				92132E93246320EB00C58810 /* ErrorHandler.swift */,
			);
			path = Net;
			sourceTree = "<group>";
		};
		92E62ACD239CEBB8009A2CD2 /* Contract */ = {
			isa = PBXGroup;
			children = (
				92D1A48A244E1F520058AEBE /* Notification */,
				92E62ACF239CEBD8009A2CD2 /* User.swift */,
				92E62AD1239D0DDC009A2CD2 /* BaseViewController.swift */,
				9298E25923F19F3100952F28 /* BaseControllerViewModel.swift */,
				9273364223F8456F008B4F43 /* CountriesList.swift */,
				925A5A41244365DB009C7A42 /* Observer.swift */,
				92CD5CFC244AFE250025C600 /* StringExtansion.swift */,
				9209EBF224558D7600520513 /* UIImageExtension.swift */,
				92CD63D22460254000D8F77C /* Location.swift */,
				92CD63D424602B5400D8F77C /* Post.swift */,
				92CD63D624605BE100D8F77C /* LocationManager.swift */,
			);
			path = Contract;
			sourceTree = "<group>";
		};
		92E62ACE239CEBC0009A2CD2 /* Screens */ = {
			isa = PBXGroup;
			children = (
				9209EBE92455701400520513 /* ProfileEditor */,
				9260B84B23B1102000AB18A5 /* Filter */,
				9294FEC124388DCB005B98EF /* Menu */,
				927EBEAC2440FAAA003DA3ED /* ImageGallegyPicker */,
				92CC3CC62439F86300731371 /* LoginPage */,
				92F46A24243B446400CCC386 /* SignInPage */,
				92D1A48B244E23420058AEBE /* Bookmarks */,
				92EDA5A423DD67F80010AB8C /* Profile */,
				923E0945243FA6FC0010DF5A /* PostEditor */,
				9260B84C23B12C8500AB18A5 /* Post */,
				92E62AC5239CDBCE009A2CD2 /* Main */,
			);
			path = Screens;
			sourceTree = "<group>";
		};
		92E8C342239BF681009F84EE = {
			isa = PBXGroup;
			children = (
				92E62AC3239BFB98009A2CD2 /* Podfile */,
				92E8C34D239BF681009F84EE /* round */,
				92E8C34C239BF681009F84EE /* Products */,
				06A86CBC0C63CF7DF8049250 /* Pods */,
				FC6AB66A88CC6884A1B80DB7 /* Frameworks */,
			);
			sourceTree = "<group>";
		};
		92E8C34C239BF681009F84EE /* Products */ = {
			isa = PBXGroup;
			children = (
				92E8C34B239BF681009F84EE /* round.app */,
			);
			name = Products;
			sourceTree = "<group>";
		};
		92E8C34D239BF681009F84EE /* round */ = {
			isa = PBXGroup;
			children = (
				92B043AB23A8EA6300330D8A /* Design */,
				92E62ACE239CEBC0009A2CD2 /* Screens */,
				92E62ACD239CEBB8009A2CD2 /* Contract */,
				92E62ACC239CEBA5009A2CD2 /* Net */,
				92E8C34E239BF681009F84EE /* AppDelegate.swift */,
				92E8C350239BF681009F84EE /* SceneDelegate.swift */,
				92E8C354239BF685009F84EE /* Assets.xcassets */,
				92E8C359239BF685009F84EE /* LaunchScreen.storyboard */,
				92E8C35C239BF685009F84EE /* Info.plist */,
				921A263923BF542700EF8715 /* GoogleService-Info.plist */,
				92E8C356239BF685009F84EE /* Preview Content */,
				928275F823DD7515001B3965 /* Debug.swift */,
			);
			path = round;
			sourceTree = "<group>";
		};
		92E8C356239BF685009F84EE /* Preview Content */ = {
			isa = PBXGroup;
			children = (
				92E8C357239BF685009F84EE /* Preview Assets.xcassets */,
			);
			path = "Preview Content";
			sourceTree = "<group>";
		};
		92ED212E23AD23C800819997 /* Font */ = {
			isa = PBXGroup;
			children = (
				92ED213423AD23DB00819997 /* Gentleman-Black.ttf */,
				92ED213223AD23DB00819997 /* Gentleman-Bold.ttf */,
				92ED213823AD23DB00819997 /* Gentleman-Book.ttf */,
				92ED213123AD23DB00819997 /* Gentleman-ExtraLight.ttf */,
				92ED213723AD23DB00819997 /* Gentleman-Hairline.ttf */,
				92ED213623AD23DB00819997 /* Gentleman-Heavy.ttf */,
				92ED213023AD23DB00819997 /* Gentleman-Light.ttf */,
				92ED213523AD23DB00819997 /* Gentleman-Medium.ttf */,
				92ED213323AD23DB00819997 /* Gentleman-Regular.ttf */,
				92ED212F23AD23DB00819997 /* Gentleman-Thin.ttf */,
			);
			path = Font;
			sourceTree = "<group>";
		};
		92EDA5A423DD67F80010AB8C /* Profile */ = {
			isa = PBXGroup;
			children = (
				92285419245442000033E549 /* Cells */,
				9291F3772439C75400804FD2 /* ProfileRouter.swift */,
				9291F3792439C76500804FD2 /* ProfileViewController.swift */,
				9291F37B2439C77200804FD2 /* ProfileViewModel.swift */,
				9291F37D2439C81700804FD2 /* ProfileContract.swift */,
				9228541D245472C20033E549 /* ProfileCollectionLayout.swift */,
			);
			path = Profile;
			sourceTree = "<group>";
		};
		92F46A24243B446400CCC386 /* SignInPage */ = {
			isa = PBXGroup;
			children = (
				92F46A27243B4ADB00CCC386 /* SignInViewController.swift */,
				92F46A29243B4AEB00CCC386 /* SignInViewModel.swift */,
				92F46A2B243B4AF600CCC386 /* SignInContract.swift */,
				92F46A2D243B4B0000CCC386 /* SignInRouter.swift */,
			);
			path = SignInPage;
			sourceTree = "<group>";
		};
		FC6AB66A88CC6884A1B80DB7 /* Frameworks */ = {
			isa = PBXGroup;
			children = (
				F7B852BC606DDD68D0C317ED /* Pods_round.framework */,
			);
			name = Frameworks;
			sourceTree = "<group>";
		};
/* End PBXGroup section */

/* Begin PBXNativeTarget section */
		92E8C34A239BF681009F84EE /* round */ = {
			isa = PBXNativeTarget;
			buildConfigurationList = 92E8C35F239BF685009F84EE /* Build configuration list for PBXNativeTarget "round" */;
			buildPhases = (
				A8B128FB8F2F8877B6D4AE58 /* [CP] Check Pods Manifest.lock */,
				92E8C347239BF681009F84EE /* Sources */,
				92E8C348239BF681009F84EE /* Frameworks */,
				92E8C349239BF681009F84EE /* Resources */,
				56ED0247BFAF97E64F41ABBA /* [CP] Embed Pods Frameworks */,
			);
			buildRules = (
			);
			dependencies = (
			);
			name = round;
			productName = round;
			productReference = 92E8C34B239BF681009F84EE /* round.app */;
			productType = "com.apple.product-type.application";
		};
/* End PBXNativeTarget section */

/* Begin PBXProject section */
		92E8C343239BF681009F84EE /* Project object */ = {
			isa = PBXProject;
			attributes = {
				LastSwiftUpdateCheck = 1130;
				LastUpgradeCheck = 1130;
				ORGANIZATIONNAME = "Denis Kotelnikov";
				TargetAttributes = {
					92E8C34A239BF681009F84EE = {
						CreatedOnToolsVersion = 11.3;
					};
				};
			};
			buildConfigurationList = 92E8C346239BF681009F84EE /* Build configuration list for PBXProject "round" */;
			compatibilityVersion = "Xcode 9.3";
			developmentRegion = en;
			hasScannedForEncodings = 0;
			knownRegions = (
				en,
				Base,
			);
			mainGroup = 92E8C342239BF681009F84EE;
			productRefGroup = 92E8C34C239BF681009F84EE /* Products */;
			projectDirPath = "";
			projectRoot = "";
			targets = (
				92E8C34A239BF681009F84EE /* round */,
			);
		};
/* End PBXProject section */

/* Begin PBXResourcesBuildPhase section */
		92E8C349239BF681009F84EE /* Resources */ = {
			isa = PBXResourcesBuildPhase;
			buildActionMask = 2147483647;
			files = (
				92ED213F23AD23DB00819997 /* Gentleman-Medium.ttf in Resources */,
				92ED213E23AD23DB00819997 /* Gentleman-Black.ttf in Resources */,
				921A263A23BF542700EF8715 /* GoogleService-Info.plist in Resources */,
				92ED213D23AD23DB00819997 /* Gentleman-Regular.ttf in Resources */,
				92ED214123AD23DB00819997 /* Gentleman-Hairline.ttf in Resources */,
				92E8C35B239BF685009F84EE /* LaunchScreen.storyboard in Resources */,
				92ED214223AD23DB00819997 /* Gentleman-Book.ttf in Resources */,
				92ED214023AD23DB00819997 /* Gentleman-Heavy.ttf in Resources */,
				92ED213923AD23DB00819997 /* Gentleman-Thin.ttf in Resources */,
				92E8C358239BF685009F84EE /* Preview Assets.xcassets in Resources */,
				92ED213A23AD23DB00819997 /* Gentleman-Light.ttf in Resources */,
				92E62AC4239BFB98009A2CD2 /* Podfile in Resources */,
				92E8C355239BF685009F84EE /* Assets.xcassets in Resources */,
				92ED213B23AD23DB00819997 /* Gentleman-ExtraLight.ttf in Resources */,
				92ED213C23AD23DB00819997 /* Gentleman-Bold.ttf in Resources */,
			);
			runOnlyForDeploymentPostprocessing = 0;
		};
/* End PBXResourcesBuildPhase section */

/* Begin PBXShellScriptBuildPhase section */
		56ED0247BFAF97E64F41ABBA /* [CP] Embed Pods Frameworks */ = {
			isa = PBXShellScriptBuildPhase;
			buildActionMask = 2147483647;
			files = (
			);
			inputFileListPaths = (
				"${PODS_ROOT}/Target Support Files/Pods-round/Pods-round-frameworks-${CONFIGURATION}-input-files.xcfilelist",
			);
			name = "[CP] Embed Pods Frameworks";
			outputFileListPaths = (
				"${PODS_ROOT}/Target Support Files/Pods-round/Pods-round-frameworks-${CONFIGURATION}-output-files.xcfilelist",
			);
			runOnlyForDeploymentPostprocessing = 0;
			shellPath = /bin/sh;
			shellScript = "\"${PODS_ROOT}/Target Support Files/Pods-round/Pods-round-frameworks.sh\"\n";
			showEnvVarsInLog = 0;
		};
		A8B128FB8F2F8877B6D4AE58 /* [CP] Check Pods Manifest.lock */ = {
			isa = PBXShellScriptBuildPhase;
			buildActionMask = 2147483647;
			files = (
			);
			inputFileListPaths = (
			);
			inputPaths = (
				"${PODS_PODFILE_DIR_PATH}/Podfile.lock",
				"${PODS_ROOT}/Manifest.lock",
			);
			name = "[CP] Check Pods Manifest.lock";
			outputFileListPaths = (
			);
			outputPaths = (
				"$(DERIVED_FILE_DIR)/Pods-round-checkManifestLockResult.txt",
			);
			runOnlyForDeploymentPostprocessing = 0;
			shellPath = /bin/sh;
			shellScript = "diff \"${PODS_PODFILE_DIR_PATH}/Podfile.lock\" \"${PODS_ROOT}/Manifest.lock\" > /dev/null\nif [ $? != 0 ] ; then\n    # print error to STDERR\n    echo \"error: The sandbox is not in sync with the Podfile.lock. Run 'pod install' or update your CocoaPods installation.\" >&2\n    exit 1\nfi\n# This output is used by Xcode 'outputs' to avoid re-running this script phase.\necho \"SUCCESS\" > \"${SCRIPT_OUTPUT_FILE_0}\"\n";
			showEnvVarsInLog = 0;
		};
/* End PBXShellScriptBuildPhase section */

/* Begin PBXSourcesBuildPhase section */
		92E8C347239BF681009F84EE /* Sources */ = {
			isa = PBXSourcesBuildPhase;
			buildActionMask = 2147483647;
			files = (
				925A5A4024436257009C7A42 /* PostEditorSimpleTextCell.swift in Sources */,
				9260B86D23B6405D00AB18A5 /* PostViewModel.swift in Sources */,
				928275F923DD7515001B3965 /* Debug.swift in Sources */,
				92F46A2C243B4AF600CCC386 /* SignInContract.swift in Sources */,
				92CD63D524602B5400D8F77C /* Post.swift in Sources */,
				92F7E9F52448AB84007B3BF3 /* PostEditorPhotoBlockCell.swift in Sources */,
				92E62AC7239CDBEB009A2CD2 /* MainViewModel.swift in Sources */,
				92CC3CCA2439F89700731371 /* LoginPageViewModel.swift in Sources */,
				9260B85023B131A100AB18A5 /* PostViewController.swift in Sources */,
				92ED214623AD46ED00819997 /* Design.swift in Sources */,
				9284BBE924636BE900D151B9 /* RNTopActivityIndicator.swift in Sources */,
				925A5A3E2443556B009C7A42 /* PostBlockSelectorViewController.swift in Sources */,
				92132E98246337AE00C58810 /* RNGestureManager.swift in Sources */,
				9298E25A23F19F3100952F28 /* BaseControllerViewModel.swift in Sources */,
				92B043AF23A9039600330D8A /* Network.swift in Sources */,
				92ED214423AD259200819997 /* Text.swift in Sources */,
				92E8C34F239BF681009F84EE /* AppDelegate.swift in Sources */,
				92F9C4EB23DC7E0D00AB9823 /* API.swift in Sources */,
				9242C4C7244F2C87009EA6AE /* Notifications.swift in Sources */,
				9294FEC324388F82005B98EF /* MainMenu.swift in Sources */,
				9284BBEB246460B200D151B9 /* PostSaveManager.swift in Sources */,
				92CD5CFD244AFE250025C600 /* StringExtansion.swift in Sources */,
				9273364323F8456F008B4F43 /* CountriesList.swift in Sources */,
				9298E25F23F28D1100952F28 /* SearchViewController.swift in Sources */,
				9209EBF12455716900520513 /* ProfileEditorContract.swift in Sources */,
				9260B85B23B5EDEC00AB18A5 /* TitlePostCellView.swift in Sources */,
				9260B85D23B5EDF900AB18A5 /* TitlePostCellViewModel.swift in Sources */,
				9291F37E2439C81700804FD2 /* ProfileContract.swift in Sources */,
				92E8C351239BF681009F84EE /* SceneDelegate.swift in Sources */,
				923E0953243FABBB0010DF5A /* PostEditorHeaderCell.swift in Sources */,
				926D209A23E470BC00C8B492 /* SimplePhotoResponse.swift in Sources */,
				92F9C4EF23DCCAEE00AB9823 /* AsyncImageDownload.swift in Sources */,
				92CC3CC82439F88800731371 /* LoginPageViewController.swift in Sources */,
				926D209823E4703E00C8B492 /* ArticlePostResponse.swift in Sources */,
				92CC3CCC2439F8A700731371 /* LoginPageRouter.swift in Sources */,
				9260B85323B4C64700AB18A5 /* PostViewControllerHeader.swift in Sources */,
				92E62AC2239BF83E009A2CD2 /* MainViewController.swift in Sources */,
				925A5A42244365DB009C7A42 /* Observer.swift in Sources */,
				92CD63D32460254000D8F77C /* Location.swift in Sources */,
				92CC3CCE2439F8D200731371 /* LoginPageContract.swift in Sources */,
				9291F37C2439C77200804FD2 /* ProfileViewModel.swift in Sources */,
				9256DF512468009200DB9777 /* PostBlockSelectorTableViewHeaderView.swift in Sources */,
				9298E24F23F1335500952F28 /* FilterTag.swift in Sources */,
				92F46A26243B47AC00CCC386 /* InputField.swift in Sources */,
				92E62AD0239CEBD8009A2CD2 /* User.swift in Sources */,
				925A5A3C24434C68009C7A42 /* PostEditorAddNewBlockCell.swift in Sources */,
				92132E96246335B100C58810 /* RNSimpleView.swift in Sources */,
				9256DF4F246704DC00DB9777 /* textKeybordEditor.swift in Sources */,
				9260B86423B605D300AB18A5 /* ArticlePostCellViewModel.swift in Sources */,
				9260B86723B6070D00AB18A5 /* SimplePhotoPostCellView.swift in Sources */,
				92F46A28243B4ADB00CCC386 /* SignInViewController.swift in Sources */,
				92F46A23243B3B2C00CCC386 /* AccountManager.swift in Sources */,
				92CD63D724605BE100D8F77C /* LocationManager.swift in Sources */,
				92CD5CFB244A17B10025C600 /* PostEditorTitleTextCell.swift in Sources */,
				92132E94246320EB00C58810 /* ErrorHandler.swift in Sources */,
				92F46A2E243B4B0000CCC386 /* SignInRouter.swift in Sources */,
				92E62AD2239D0DDC009A2CD2 /* BaseViewController.swift in Sources */,
				92F46A2A243B4AEB00CCC386 /* SignInViewModel.swift in Sources */,
				9209EBEF2455715700520513 /* ProfileEditorRouter.swift in Sources */,
				9298E25223F13A2600952F28 /* CardViewTemplate.swift in Sources */,
				9209EBF324558D7600520513 /* UIImageExtension.swift in Sources */,
				926D209623E4702E00C8B492 /* TitlePostResponse.swift in Sources */,
				92F7E9F72448B749007B3BF3 /* PostBlockSelectorViewCell.swift in Sources */,
				9256DF53246871CF00DB9777 /* RNFullscreenActivityIndicator.swift in Sources */,
				9298E24B23F132F700952F28 /* FilterItem.swift in Sources */,
				92E62AC9239CE6DE009A2CD2 /* CardView.swift in Sources */,
				9209EBEB2455702F00520513 /* ProfileEditorViewController.swift in Sources */,
				9260B86923B6071500AB18A5 /* SimplePhotoPostCellViewModel.swift in Sources */,
				923E094B243FA74A0010DF5A /* PostEditorRouter.swift in Sources */,
				926D209E23E6C68D00C8B492 /* FilterSlider.swift in Sources */,
				92D1A48D244E23690058AEBE /* BookmarksViewController.swift in Sources */,
				923E0949243FA73E0010DF5A /* PostEditorViewModel.swift in Sources */,
				9260B86223B605C900AB18A5 /* ArticlePostCellView.swift in Sources */,
				9256DF552468985600DB9777 /* ProfileEditorDelegate.swift in Sources */,
				92ED214823AD7DB600819997 /* Button.swift in Sources */,
				9228541E245472C20033E549 /* ProfileCollectionLayout.swift in Sources */,
				9228541B2454421D0033E549 /* ProfilePostCell.swift in Sources */,
				92AD4D332451F64600F26A62 /* PagingCollectionViewLayout.swift in Sources */,
				9298E25823F1479200952F28 /* FilterViewModel.swift in Sources */,
				9260B85F23B5F17300AB18A5 /* BasePostCell.swift in Sources */,
				923E0947243FA71D0010DF5A /* PostEdtorViewController.swift in Sources */,
				9298E24D23F1333A00952F28 /* AddFilterButton.swift in Sources */,
				9291F37A2439C76500804FD2 /* ProfileViewController.swift in Sources */,
				92B043AD23A8EA9600330D8A /* UserAvatarView.swift in Sources */,
				9291F3782439C75400804FD2 /* ProfileRouter.swift in Sources */,
				9228541824541D710033E549 /* ProfileHeaderView.swift in Sources */,
				92D1A48F244E23850058AEBE /* BookmarksViewModel.swift in Sources */,
				9260B85823B4E45600AB18A5 /* PostCloseControllerAnimation.swift in Sources */,
				927EBEAE2440FACF003DA3ED /* ImagePickerViewController.swift in Sources */,
				9298E25D23F1DA8900952F28 /* SearchInput.swift in Sources */,
				9209EBED2455709200520513 /* ProfileEditorViewModel.swift in Sources */,
				923E094F243FA76F0010DF5A /* PostEditorContract.swift in Sources */,
				92E62ACB239CE883009A2CD2 /* CardViewModel.swift in Sources */,
				9260B85523B4CF9A00AB18A5 /* PostOpenControllerAnimation.swift in Sources */,
				92F9C4ED23DC802900AB9823 /* FirebaseAPI.swift in Sources */,
			);
			runOnlyForDeploymentPostprocessing = 0;
		};
/* End PBXSourcesBuildPhase section */

/* Begin PBXVariantGroup section */
		92E8C359239BF685009F84EE /* LaunchScreen.storyboard */ = {
			isa = PBXVariantGroup;
			children = (
				92E8C35A239BF685009F84EE /* Base */,
			);
			name = LaunchScreen.storyboard;
			sourceTree = "<group>";
		};
/* End PBXVariantGroup section */

/* Begin XCBuildConfiguration section */
		92E8C35D239BF685009F84EE /* Debug */ = {
			isa = XCBuildConfiguration;
			buildSettings = {
				ALWAYS_SEARCH_USER_PATHS = NO;
				CLANG_ANALYZER_NONNULL = YES;
				CLANG_ANALYZER_NUMBER_OBJECT_CONVERSION = YES_AGGRESSIVE;
				CLANG_CXX_LANGUAGE_STANDARD = "gnu++14";
				CLANG_CXX_LIBRARY = "libc++";
				CLANG_ENABLE_MODULES = YES;
				CLANG_ENABLE_OBJC_ARC = YES;
				CLANG_ENABLE_OBJC_WEAK = YES;
				CLANG_WARN_BLOCK_CAPTURE_AUTORELEASING = YES;
				CLANG_WARN_BOOL_CONVERSION = YES;
				CLANG_WARN_COMMA = YES;
				CLANG_WARN_CONSTANT_CONVERSION = YES;
				CLANG_WARN_DEPRECATED_OBJC_IMPLEMENTATIONS = YES;
				CLANG_WARN_DIRECT_OBJC_ISA_USAGE = YES_ERROR;
				CLANG_WARN_DOCUMENTATION_COMMENTS = YES;
				CLANG_WARN_EMPTY_BODY = YES;
				CLANG_WARN_ENUM_CONVERSION = YES;
				CLANG_WARN_INFINITE_RECURSION = YES;
				CLANG_WARN_INT_CONVERSION = YES;
				CLANG_WARN_NON_LITERAL_NULL_CONVERSION = YES;
				CLANG_WARN_OBJC_IMPLICIT_RETAIN_SELF = YES;
				CLANG_WARN_OBJC_LITERAL_CONVERSION = YES;
				CLANG_WARN_OBJC_ROOT_CLASS = YES_ERROR;
				CLANG_WARN_RANGE_LOOP_ANALYSIS = YES;
				CLANG_WARN_STRICT_PROTOTYPES = YES;
				CLANG_WARN_SUSPICIOUS_MOVE = YES;
				CLANG_WARN_UNGUARDED_AVAILABILITY = YES_AGGRESSIVE;
				CLANG_WARN_UNREACHABLE_CODE = YES;
				CLANG_WARN__DUPLICATE_METHOD_MATCH = YES;
				COPY_PHASE_STRIP = NO;
				DEBUG_INFORMATION_FORMAT = dwarf;
				ENABLE_STRICT_OBJC_MSGSEND = YES;
				ENABLE_TESTABILITY = YES;
				GCC_C_LANGUAGE_STANDARD = gnu11;
				GCC_DYNAMIC_NO_PIC = NO;
				GCC_NO_COMMON_BLOCKS = YES;
				GCC_OPTIMIZATION_LEVEL = 0;
				GCC_PREPROCESSOR_DEFINITIONS = (
					"DEBUG=1",
					"$(inherited)",
				);
				GCC_WARN_64_TO_32_BIT_CONVERSION = YES;
				GCC_WARN_ABOUT_RETURN_TYPE = YES_ERROR;
				GCC_WARN_UNDECLARED_SELECTOR = YES;
				GCC_WARN_UNINITIALIZED_AUTOS = YES_AGGRESSIVE;
				GCC_WARN_UNUSED_FUNCTION = YES;
				GCC_WARN_UNUSED_VARIABLE = YES;
				IPHONEOS_DEPLOYMENT_TARGET = 13.2;
				MTL_ENABLE_DEBUG_INFO = INCLUDE_SOURCE;
				MTL_FAST_MATH = YES;
				ONLY_ACTIVE_ARCH = YES;
				SDKROOT = iphoneos;
				SWIFT_ACTIVE_COMPILATION_CONDITIONS = DEBUG;
				SWIFT_OPTIMIZATION_LEVEL = "-Onone";
			};
			name = Debug;
		};
		92E8C35E239BF685009F84EE /* Release */ = {
			isa = XCBuildConfiguration;
			buildSettings = {
				ALWAYS_SEARCH_USER_PATHS = NO;
				CLANG_ANALYZER_NONNULL = YES;
				CLANG_ANALYZER_NUMBER_OBJECT_CONVERSION = YES_AGGRESSIVE;
				CLANG_CXX_LANGUAGE_STANDARD = "gnu++14";
				CLANG_CXX_LIBRARY = "libc++";
				CLANG_ENABLE_MODULES = YES;
				CLANG_ENABLE_OBJC_ARC = YES;
				CLANG_ENABLE_OBJC_WEAK = YES;
				CLANG_WARN_BLOCK_CAPTURE_AUTORELEASING = YES;
				CLANG_WARN_BOOL_CONVERSION = YES;
				CLANG_WARN_COMMA = YES;
				CLANG_WARN_CONSTANT_CONVERSION = YES;
				CLANG_WARN_DEPRECATED_OBJC_IMPLEMENTATIONS = YES;
				CLANG_WARN_DIRECT_OBJC_ISA_USAGE = YES_ERROR;
				CLANG_WARN_DOCUMENTATION_COMMENTS = YES;
				CLANG_WARN_EMPTY_BODY = YES;
				CLANG_WARN_ENUM_CONVERSION = YES;
				CLANG_WARN_INFINITE_RECURSION = YES;
				CLANG_WARN_INT_CONVERSION = YES;
				CLANG_WARN_NON_LITERAL_NULL_CONVERSION = YES;
				CLANG_WARN_OBJC_IMPLICIT_RETAIN_SELF = YES;
				CLANG_WARN_OBJC_LITERAL_CONVERSION = YES;
				CLANG_WARN_OBJC_ROOT_CLASS = YES_ERROR;
				CLANG_WARN_RANGE_LOOP_ANALYSIS = YES;
				CLANG_WARN_STRICT_PROTOTYPES = YES;
				CLANG_WARN_SUSPICIOUS_MOVE = YES;
				CLANG_WARN_UNGUARDED_AVAILABILITY = YES_AGGRESSIVE;
				CLANG_WARN_UNREACHABLE_CODE = YES;
				CLANG_WARN__DUPLICATE_METHOD_MATCH = YES;
				COPY_PHASE_STRIP = NO;
				DEBUG_INFORMATION_FORMAT = "dwarf-with-dsym";
				ENABLE_NS_ASSERTIONS = NO;
				ENABLE_STRICT_OBJC_MSGSEND = YES;
				GCC_C_LANGUAGE_STANDARD = gnu11;
				GCC_NO_COMMON_BLOCKS = YES;
				GCC_WARN_64_TO_32_BIT_CONVERSION = YES;
				GCC_WARN_ABOUT_RETURN_TYPE = YES_ERROR;
				GCC_WARN_UNDECLARED_SELECTOR = YES;
				GCC_WARN_UNINITIALIZED_AUTOS = YES_AGGRESSIVE;
				GCC_WARN_UNUSED_FUNCTION = YES;
				GCC_WARN_UNUSED_VARIABLE = YES;
				IPHONEOS_DEPLOYMENT_TARGET = 13.2;
				MTL_ENABLE_DEBUG_INFO = NO;
				MTL_FAST_MATH = YES;
				SDKROOT = iphoneos;
				SWIFT_COMPILATION_MODE = wholemodule;
				SWIFT_OPTIMIZATION_LEVEL = "-O";
				VALIDATE_PRODUCT = YES;
			};
			name = Release;
		};
		92E8C360239BF685009F84EE /* Debug */ = {
			isa = XCBuildConfiguration;
			baseConfigurationReference = 44C406F87CFECDCD16F66693 /* Pods-round.debug.xcconfig */;
			buildSettings = {
				ASSETCATALOG_COMPILER_APPICON_NAME = AppIcon;
				CODE_SIGN_STYLE = Automatic;
				DEVELOPMENT_ASSET_PATHS = "\"round/Preview Content\"";
				DEVELOPMENT_TEAM = 87XM268947;
				ENABLE_PREVIEWS = YES;
				INFOPLIST_FILE = round/Info.plist;
				IPHONEOS_DEPLOYMENT_TARGET = 13.0;
				LD_RUNPATH_SEARCH_PATHS = (
					"$(inherited)",
					"@executable_path/Frameworks",
				);
				PRODUCT_BUNDLE_IDENTIFIER = com.creatorsplatform.round;
				PRODUCT_NAME = "$(TARGET_NAME)";
				SWIFT_VERSION = 5.0;
				TARGETED_DEVICE_FAMILY = "1,2";
			};
			name = Debug;
		};
		92E8C361239BF685009F84EE /* Release */ = {
			isa = XCBuildConfiguration;
			baseConfigurationReference = F51D8B8D7C7EA57A4D12A05C /* Pods-round.release.xcconfig */;
			buildSettings = {
				ASSETCATALOG_COMPILER_APPICON_NAME = AppIcon;
				CODE_SIGN_STYLE = Automatic;
				DEVELOPMENT_ASSET_PATHS = "\"round/Preview Content\"";
				DEVELOPMENT_TEAM = 87XM268947;
				ENABLE_PREVIEWS = YES;
				INFOPLIST_FILE = round/Info.plist;
				IPHONEOS_DEPLOYMENT_TARGET = 13.0;
				LD_RUNPATH_SEARCH_PATHS = (
					"$(inherited)",
					"@executable_path/Frameworks",
				);
				PRODUCT_BUNDLE_IDENTIFIER = com.creatorsplatform.round;
				PRODUCT_NAME = "$(TARGET_NAME)";
				SWIFT_VERSION = 5.0;
				TARGETED_DEVICE_FAMILY = "1,2";
			};
			name = Release;
		};
/* End XCBuildConfiguration section */

/* Begin XCConfigurationList section */
		92E8C346239BF681009F84EE /* Build configuration list for PBXProject "round" */ = {
			isa = XCConfigurationList;
			buildConfigurations = (
				92E8C35D239BF685009F84EE /* Debug */,
				92E8C35E239BF685009F84EE /* Release */,
			);
			defaultConfigurationIsVisible = 0;
			defaultConfigurationName = Release;
		};
		92E8C35F239BF685009F84EE /* Build configuration list for PBXNativeTarget "round" */ = {
			isa = XCConfigurationList;
			buildConfigurations = (
				92E8C360239BF685009F84EE /* Debug */,
				92E8C361239BF685009F84EE /* Release */,
			);
			defaultConfigurationIsVisible = 0;
			defaultConfigurationName = Release;
		};
/* End XCConfigurationList section */
	};
	rootObject = 92E8C343239BF681009F84EE /* Project object */;
}
